
Microsoft Visual Studio Solution File, Format Version 12.00
# Visual Studio 14
VisualStudioVersion = 14.0.25420.1
MinimumVisualStudioVersion = 10.0.40219.1
Project("{2150E333-8FDC-42A3-9474-1A3956D46DE8}") = "Common", "Common", "{C452A2D9-C10D-487C-8004-22C90652D0F3}"
EndProject
Project("{2150E333-8FDC-42A3-9474-1A3956D46DE8}") = "Tests", "Tests", "{D10504C4-934B-473D-BFF8-D69BDC60E72B}"
EndProject
Project("{FAE04EC0-301F-11D3-BF4B-00C04F79EFBC}") = "Acquaint.XForms.UITest.iOS", "Acquaint.XForms\Acquaint.XForms.UITest\Acquaint.XForms.UITest.iOS\Acquaint.XForms.UITest.iOS.csproj", "{0FC3A639-20AD-41B5-BFCB-1619B5EDB8ED}"
EndProject
Project("{FAE04EC0-301F-11D3-BF4B-00C04F79EFBC}") = "Acquaint.XForms.UITest.Android", "Acquaint.XForms\Acquaint.XForms.UITest\Acquaint.XForms.UITest.Android\Acquaint.XForms.UITest.Android.csproj", "{0EBC708A-424D-484F-8B03-4D677995E2F5}"
EndProject
Project("{FAE04EC0-301F-11D3-BF4B-00C04F79EFBC}") = "Acquaint.Common.iOS", "Common\Acquaint.Common.iOS\Acquaint.Common.iOS.csproj", "{D480A440-318D-4CD2-A662-17D6179B14DE}"
EndProject
Project("{FAE04EC0-301F-11D3-BF4B-00C04F79EFBC}") = "Acquaint.Abstractions.NetStandard", "Common\Acquaint.Abstractions.NetStandard\Acquaint.Abstractions.NetStandard.csproj", "{975526AE-E7DC-48BC-945B-3DF220A1F4DB}"
EndProject
Project("{FAE04EC0-301F-11D3-BF4B-00C04F79EFBC}") = "Acquaint.ModelContracts.NetStandard", "Common\Acquaint.ModelContracts.NetStandard\Acquaint.ModelContracts.NetStandard.csproj", "{D5F6EBFB-6D01-46D9-85CF-50F13D8321CD}"
EndProject
Project("{FAE04EC0-301F-11D3-BF4B-00C04F79EFBC}") = "Acquaint.Models.NetStandard", "Common\Acquaint.Models.NetStandard\Acquaint.Models.NetStandard.csproj", "{2D3B5009-B59B-4CC9-B7F3-325AF7BF3080}"
EndProject
Project("{FAE04EC0-301F-11D3-BF4B-00C04F79EFBC}") = "Acquaint.Util.NetStandard", "Common\Acquaint.Util.NetStandard\Acquaint.Util.NetStandard.csproj", "{EE6E2DE0-E936-4AF4-AF05-349D82DFD5FF}"
EndProject
Project("{FAE04EC0-301F-11D3-BF4B-00C04F79EFBC}") = "Acquaint.XForms.NetStandard.Android", "Acquaint.XForms\Acquaint.XForms.NetStandard.Android\Acquaint.XForms.NetStandard.Android.csproj", "{E2376A86-0D50-4318-B963-7AE9874AD0F2}"
EndProject
Project("{FAE04EC0-301F-11D3-BF4B-00C04F79EFBC}") = "Acquaint.XForms.NetStandard.iOS", "Acquaint.XForms\Acquaint.XForms.NetStandard.iOS\Acquaint.XForms.NetStandard.iOS.csproj", "{90AE4247-4352-4FF2-B80E-43ECA837B2BC}"
EndProject
Project("{FAE04EC0-301F-11D3-BF4B-00C04F79EFBC}") = "Acquaint.XForms.NetStandard", "Acquaint.XForms\Acquaint.XForms.NetStandard\Acquaint.XForms.NetStandard.csproj", "{0BF751C7-8021-4472-8F91-5A42F55BB3C9}"
EndProject
Project("{FAE04EC0-301F-11D3-BF4B-00C04F79EFBC}") = "Acquaint.Common.Droid", "Common\Acquaint.Common.Droid\Acquaint.Common.Droid.csproj", "{1C2073B0-B1E6-4D3B-9D10-B0F278C671E4}"
EndProject
Project("{FAE04EC0-301F-11D3-BF4B-00C04F79EFBC}") = "Acquaint.Data.NetStandard", "Common\Acquaint.Data.NetStandard\Acquaint.Data.NetStandard.csproj", "{762888C5-8B07-41C2-8DE2-71FF8A775B40}"
EndProject
Global
	GlobalSection(SolutionConfigurationPlatforms) = preSolution
		Debug|Any CPU = Debug|Any CPU
		Debug|ARM = Debug|ARM
		Debug|iPhone = Debug|iPhone
		Debug|iPhoneSimulator = Debug|iPhoneSimulator
		Debug|x64 = Debug|x64
		Debug|x86 = Debug|x86
		Release|Any CPU = Release|Any CPU
		Release|ARM = Release|ARM
		Release|iPhone = Release|iPhone
		Release|iPhoneSimulator = Release|iPhoneSimulator
		Release|x64 = Release|x64
		Release|x86 = Release|x86
		Ad-Hoc|iPhone = Ad-Hoc|iPhone
		AppStore|iPhone = AppStore|iPhone
	EndGlobalSection
	GlobalSection(ProjectConfigurationPlatforms) = postSolution
		{0FC3A639-20AD-41B5-BFCB-1619B5EDB8ED}.Debug|Any CPU.ActiveCfg = Debug|Any CPU
		{0FC3A639-20AD-41B5-BFCB-1619B5EDB8ED}.Debug|ARM.ActiveCfg = Debug|Any CPU
		{0FC3A639-20AD-41B5-BFCB-1619B5EDB8ED}.Debug|iPhone.ActiveCfg = Debug|Any CPU
		{0FC3A639-20AD-41B5-BFCB-1619B5EDB8ED}.Debug|iPhone.Build.0 = Debug|Any CPU
		{0FC3A639-20AD-41B5-BFCB-1619B5EDB8ED}.Debug|iPhoneSimulator.ActiveCfg = Debug|Any CPU
		{0FC3A639-20AD-41B5-BFCB-1619B5EDB8ED}.Debug|iPhoneSimulator.Build.0 = Debug|Any CPU
		{0FC3A639-20AD-41B5-BFCB-1619B5EDB8ED}.Debug|x64.ActiveCfg = Debug|Any CPU
		{0FC3A639-20AD-41B5-BFCB-1619B5EDB8ED}.Debug|x86.ActiveCfg = Debug|Any CPU
		{0FC3A639-20AD-41B5-BFCB-1619B5EDB8ED}.Release|Any CPU.ActiveCfg = Release|Any CPU
		{0FC3A639-20AD-41B5-BFCB-1619B5EDB8ED}.Release|Any CPU.Build.0 = Release|Any CPU
		{0FC3A639-20AD-41B5-BFCB-1619B5EDB8ED}.Release|ARM.ActiveCfg = Release|Any CPU
		{0FC3A639-20AD-41B5-BFCB-1619B5EDB8ED}.Release|ARM.Build.0 = Release|Any CPU
		{0FC3A639-20AD-41B5-BFCB-1619B5EDB8ED}.Release|iPhone.ActiveCfg = Release|Any CPU
		{0FC3A639-20AD-41B5-BFCB-1619B5EDB8ED}.Release|iPhone.Build.0 = Release|Any CPU
		{0FC3A639-20AD-41B5-BFCB-1619B5EDB8ED}.Release|iPhoneSimulator.ActiveCfg = Release|Any CPU
		{0FC3A639-20AD-41B5-BFCB-1619B5EDB8ED}.Release|iPhoneSimulator.Build.0 = Release|Any CPU
		{0FC3A639-20AD-41B5-BFCB-1619B5EDB8ED}.Release|x64.ActiveCfg = Release|Any CPU
		{0FC3A639-20AD-41B5-BFCB-1619B5EDB8ED}.Release|x64.Build.0 = Release|Any CPU
		{0FC3A639-20AD-41B5-BFCB-1619B5EDB8ED}.Release|x86.ActiveCfg = Release|Any CPU
		{0FC3A639-20AD-41B5-BFCB-1619B5EDB8ED}.Release|x86.Build.0 = Release|Any CPU
		{0FC3A639-20AD-41B5-BFCB-1619B5EDB8ED}.Ad-Hoc|iPhone.ActiveCfg = Debug|Any CPU
		{0FC3A639-20AD-41B5-BFCB-1619B5EDB8ED}.Ad-Hoc|iPhone.Build.0 = Debug|Any CPU
		{0FC3A639-20AD-41B5-BFCB-1619B5EDB8ED}.AppStore|iPhone.ActiveCfg = Debug|Any CPU
		{0FC3A639-20AD-41B5-BFCB-1619B5EDB8ED}.AppStore|iPhone.Build.0 = Debug|Any CPU
		{0FC3A639-20AD-41B5-BFCB-1619B5EDB8ED}.Debug|Any CPU.Build.0 = Debug|Any CPU
		{0EBC708A-424D-484F-8B03-4D677995E2F5}.Debug|Any CPU.ActiveCfg = Debug|Any CPU
		{0EBC708A-424D-484F-8B03-4D677995E2F5}.Debug|Any CPU.Build.0 = Debug|Any CPU
		{0EBC708A-424D-484F-8B03-4D677995E2F5}.Debug|ARM.ActiveCfg = Debug|Any CPU
		{0EBC708A-424D-484F-8B03-4D677995E2F5}.Debug|ARM.Build.0 = Debug|Any CPU
		{0EBC708A-424D-484F-8B03-4D677995E2F5}.Debug|iPhone.ActiveCfg = Debug|Any CPU
		{0EBC708A-424D-484F-8B03-4D677995E2F5}.Debug|iPhoneSimulator.ActiveCfg = Debug|Any CPU
		{0EBC708A-424D-484F-8B03-4D677995E2F5}.Debug|x64.ActiveCfg = Debug|Any CPU
		{0EBC708A-424D-484F-8B03-4D677995E2F5}.Debug|x64.Build.0 = Debug|Any CPU
		{0EBC708A-424D-484F-8B03-4D677995E2F5}.Debug|x86.ActiveCfg = Debug|Any CPU
		{0EBC708A-424D-484F-8B03-4D677995E2F5}.Debug|x86.Build.0 = Debug|Any CPU
		{0EBC708A-424D-484F-8B03-4D677995E2F5}.Release|Any CPU.ActiveCfg = Release|Any CPU
		{0EBC708A-424D-484F-8B03-4D677995E2F5}.Release|Any CPU.Build.0 = Release|Any CPU
		{0EBC708A-424D-484F-8B03-4D677995E2F5}.Release|ARM.ActiveCfg = Release|Any CPU
		{0EBC708A-424D-484F-8B03-4D677995E2F5}.Release|ARM.Build.0 = Release|Any CPU
		{0EBC708A-424D-484F-8B03-4D677995E2F5}.Release|iPhone.ActiveCfg = Release|Any CPU
		{0EBC708A-424D-484F-8B03-4D677995E2F5}.Release|iPhone.Build.0 = Release|Any CPU
		{0EBC708A-424D-484F-8B03-4D677995E2F5}.Release|iPhoneSimulator.ActiveCfg = Release|Any CPU
		{0EBC708A-424D-484F-8B03-4D677995E2F5}.Release|iPhoneSimulator.Build.0 = Release|Any CPU
		{0EBC708A-424D-484F-8B03-4D677995E2F5}.Release|x64.ActiveCfg = Release|Any CPU
		{0EBC708A-424D-484F-8B03-4D677995E2F5}.Release|x64.Build.0 = Release|Any CPU
		{0EBC708A-424D-484F-8B03-4D677995E2F5}.Release|x86.ActiveCfg = Release|Any CPU
		{0EBC708A-424D-484F-8B03-4D677995E2F5}.Release|x86.Build.0 = Release|Any CPU
		{0EBC708A-424D-484F-8B03-4D677995E2F5}.Ad-Hoc|iPhone.ActiveCfg = Debug|Any CPU
		{0EBC708A-424D-484F-8B03-4D677995E2F5}.Ad-Hoc|iPhone.Build.0 = Debug|Any CPU
		{0EBC708A-424D-484F-8B03-4D677995E2F5}.AppStore|iPhone.ActiveCfg = Debug|Any CPU
		{0EBC708A-424D-484F-8B03-4D677995E2F5}.AppStore|iPhone.Build.0 = Debug|Any CPU
		{D480A440-318D-4CD2-A662-17D6179B14DE}.Debug|Any CPU.ActiveCfg = Debug|Any CPU
		{D480A440-318D-4CD2-A662-17D6179B14DE}.Debug|Any CPU.Deploy.0 = Debug|Any CPU
		{D480A440-318D-4CD2-A662-17D6179B14DE}.Debug|ARM.ActiveCfg = Debug|Any CPU
		{D480A440-318D-4CD2-A662-17D6179B14DE}.Debug|iPhone.ActiveCfg = Debug|Any CPU
		{D480A440-318D-4CD2-A662-17D6179B14DE}.Debug|iPhone.Build.0 = Debug|Any CPU
		{D480A440-318D-4CD2-A662-17D6179B14DE}.Debug|iPhoneSimulator.ActiveCfg = Debug|Any CPU
		{D480A440-318D-4CD2-A662-17D6179B14DE}.Debug|iPhoneSimulator.Build.0 = Debug|Any CPU
		{D480A440-318D-4CD2-A662-17D6179B14DE}.Debug|x64.ActiveCfg = Debug|Any CPU
		{D480A440-318D-4CD2-A662-17D6179B14DE}.Debug|x86.ActiveCfg = Debug|Any CPU
		{D480A440-318D-4CD2-A662-17D6179B14DE}.Release|Any CPU.ActiveCfg = Release|Any CPU
		{D480A440-318D-4CD2-A662-17D6179B14DE}.Release|Any CPU.Build.0 = Release|Any CPU
		{D480A440-318D-4CD2-A662-17D6179B14DE}.Release|ARM.ActiveCfg = Release|Any CPU
		{D480A440-318D-4CD2-A662-17D6179B14DE}.Release|ARM.Build.0 = Release|Any CPU
		{D480A440-318D-4CD2-A662-17D6179B14DE}.Release|iPhone.ActiveCfg = Release|Any CPU
		{D480A440-318D-4CD2-A662-17D6179B14DE}.Release|iPhone.Build.0 = Release|Any CPU
		{D480A440-318D-4CD2-A662-17D6179B14DE}.Release|iPhoneSimulator.ActiveCfg = Release|Any CPU
		{D480A440-318D-4CD2-A662-17D6179B14DE}.Release|iPhoneSimulator.Build.0 = Release|Any CPU
		{D480A440-318D-4CD2-A662-17D6179B14DE}.Release|x64.ActiveCfg = Release|Any CPU
		{D480A440-318D-4CD2-A662-17D6179B14DE}.Release|x64.Build.0 = Release|Any CPU
		{D480A440-318D-4CD2-A662-17D6179B14DE}.Release|x86.ActiveCfg = Release|Any CPU
		{D480A440-318D-4CD2-A662-17D6179B14DE}.Release|x86.Build.0 = Release|Any CPU
		{D480A440-318D-4CD2-A662-17D6179B14DE}.Ad-Hoc|iPhone.ActiveCfg = Debug|Any CPU
		{D480A440-318D-4CD2-A662-17D6179B14DE}.Ad-Hoc|iPhone.Build.0 = Debug|Any CPU
		{D480A440-318D-4CD2-A662-17D6179B14DE}.AppStore|iPhone.ActiveCfg = Debug|Any CPU
		{D480A440-318D-4CD2-A662-17D6179B14DE}.AppStore|iPhone.Build.0 = Debug|Any CPU
		{D480A440-318D-4CD2-A662-17D6179B14DE}.Debug|Any CPU.Build.0 = Debug|Any CPU
		{975526AE-E7DC-48BC-945B-3DF220A1F4DB}.Debug|Any CPU.ActiveCfg = Debug|Any CPU
		{975526AE-E7DC-48BC-945B-3DF220A1F4DB}.Debug|Any CPU.Build.0 = Debug|Any CPU
		{975526AE-E7DC-48BC-945B-3DF220A1F4DB}.Debug|ARM.ActiveCfg = Debug|Any CPU
		{975526AE-E7DC-48BC-945B-3DF220A1F4DB}.Debug|ARM.Build.0 = Debug|Any CPU
		{975526AE-E7DC-48BC-945B-3DF220A1F4DB}.Debug|iPhone.ActiveCfg = Debug|Any CPU
		{975526AE-E7DC-48BC-945B-3DF220A1F4DB}.Debug|iPhone.Build.0 = Debug|Any CPU
		{975526AE-E7DC-48BC-945B-3DF220A1F4DB}.Debug|iPhoneSimulator.ActiveCfg = Debug|Any CPU
		{975526AE-E7DC-48BC-945B-3DF220A1F4DB}.Debug|iPhoneSimulator.Build.0 = Debug|Any CPU
		{975526AE-E7DC-48BC-945B-3DF220A1F4DB}.Debug|x64.ActiveCfg = Debug|Any CPU
		{975526AE-E7DC-48BC-945B-3DF220A1F4DB}.Debug|x64.Build.0 = Debug|Any CPU
		{975526AE-E7DC-48BC-945B-3DF220A1F4DB}.Debug|x86.ActiveCfg = Debug|Any CPU
		{975526AE-E7DC-48BC-945B-3DF220A1F4DB}.Debug|x86.Build.0 = Debug|Any CPU
		{975526AE-E7DC-48BC-945B-3DF220A1F4DB}.Release|Any CPU.ActiveCfg = Release|Any CPU
		{975526AE-E7DC-48BC-945B-3DF220A1F4DB}.Release|Any CPU.Build.0 = Release|Any CPU
		{975526AE-E7DC-48BC-945B-3DF220A1F4DB}.Release|ARM.ActiveCfg = Release|Any CPU
		{975526AE-E7DC-48BC-945B-3DF220A1F4DB}.Release|ARM.Build.0 = Release|Any CPU
		{975526AE-E7DC-48BC-945B-3DF220A1F4DB}.Release|iPhone.ActiveCfg = Release|Any CPU
		{975526AE-E7DC-48BC-945B-3DF220A1F4DB}.Release|iPhone.Build.0 = Release|Any CPU
		{975526AE-E7DC-48BC-945B-3DF220A1F4DB}.Release|iPhoneSimulator.ActiveCfg = Release|Any CPU
		{975526AE-E7DC-48BC-945B-3DF220A1F4DB}.Release|iPhoneSimulator.Build.0 = Release|Any CPU
		{975526AE-E7DC-48BC-945B-3DF220A1F4DB}.Release|x64.ActiveCfg = Release|Any CPU
		{975526AE-E7DC-48BC-945B-3DF220A1F4DB}.Release|x64.Build.0 = Release|Any CPU
		{975526AE-E7DC-48BC-945B-3DF220A1F4DB}.Release|x86.ActiveCfg = Release|Any CPU
		{975526AE-E7DC-48BC-945B-3DF220A1F4DB}.Release|x86.Build.0 = Release|Any CPU
		{975526AE-E7DC-48BC-945B-3DF220A1F4DB}.Ad-Hoc|iPhone.ActiveCfg = Debug|Any CPU
		{975526AE-E7DC-48BC-945B-3DF220A1F4DB}.Ad-Hoc|iPhone.Build.0 = Debug|Any CPU
		{975526AE-E7DC-48BC-945B-3DF220A1F4DB}.AppStore|iPhone.ActiveCfg = Debug|Any CPU
		{975526AE-E7DC-48BC-945B-3DF220A1F4DB}.AppStore|iPhone.Build.0 = Debug|Any CPU
		{D5F6EBFB-6D01-46D9-85CF-50F13D8321CD}.Debug|Any CPU.ActiveCfg = Debug|Any CPU
		{D5F6EBFB-6D01-46D9-85CF-50F13D8321CD}.Debug|Any CPU.Build.0 = Debug|Any CPU
		{D5F6EBFB-6D01-46D9-85CF-50F13D8321CD}.Debug|ARM.ActiveCfg = Debug|Any CPU
		{D5F6EBFB-6D01-46D9-85CF-50F13D8321CD}.Debug|ARM.Build.0 = Debug|Any CPU
		{D5F6EBFB-6D01-46D9-85CF-50F13D8321CD}.Debug|iPhone.ActiveCfg = Debug|Any CPU
		{D5F6EBFB-6D01-46D9-85CF-50F13D8321CD}.Debug|iPhone.Build.0 = Debug|Any CPU
		{D5F6EBFB-6D01-46D9-85CF-50F13D8321CD}.Debug|iPhoneSimulator.ActiveCfg = Debug|Any CPU
		{D5F6EBFB-6D01-46D9-85CF-50F13D8321CD}.Debug|iPhoneSimulator.Build.0 = Debug|Any CPU
		{D5F6EBFB-6D01-46D9-85CF-50F13D8321CD}.Debug|x64.ActiveCfg = Debug|Any CPU
		{D5F6EBFB-6D01-46D9-85CF-50F13D8321CD}.Debug|x64.Build.0 = Debug|Any CPU
		{D5F6EBFB-6D01-46D9-85CF-50F13D8321CD}.Debug|x86.ActiveCfg = Debug|Any CPU
		{D5F6EBFB-6D01-46D9-85CF-50F13D8321CD}.Debug|x86.Build.0 = Debug|Any CPU
		{D5F6EBFB-6D01-46D9-85CF-50F13D8321CD}.Release|Any CPU.ActiveCfg = Release|Any CPU
		{D5F6EBFB-6D01-46D9-85CF-50F13D8321CD}.Release|Any CPU.Build.0 = Release|Any CPU
		{D5F6EBFB-6D01-46D9-85CF-50F13D8321CD}.Release|ARM.ActiveCfg = Release|Any CPU
		{D5F6EBFB-6D01-46D9-85CF-50F13D8321CD}.Release|ARM.Build.0 = Release|Any CPU
		{D5F6EBFB-6D01-46D9-85CF-50F13D8321CD}.Release|iPhone.ActiveCfg = Release|Any CPU
		{D5F6EBFB-6D01-46D9-85CF-50F13D8321CD}.Release|iPhone.Build.0 = Release|Any CPU
		{D5F6EBFB-6D01-46D9-85CF-50F13D8321CD}.Release|iPhoneSimulator.ActiveCfg = Release|Any CPU
		{D5F6EBFB-6D01-46D9-85CF-50F13D8321CD}.Release|iPhoneSimulator.Build.0 = Release|Any CPU
		{D5F6EBFB-6D01-46D9-85CF-50F13D8321CD}.Release|x64.ActiveCfg = Release|Any CPU
		{D5F6EBFB-6D01-46D9-85CF-50F13D8321CD}.Release|x64.Build.0 = Release|Any CPU
		{D5F6EBFB-6D01-46D9-85CF-50F13D8321CD}.Release|x86.ActiveCfg = Release|Any CPU
		{D5F6EBFB-6D01-46D9-85CF-50F13D8321CD}.Release|x86.Build.0 = Release|Any CPU
		{D5F6EBFB-6D01-46D9-85CF-50F13D8321CD}.Ad-Hoc|iPhone.ActiveCfg = Debug|Any CPU
		{D5F6EBFB-6D01-46D9-85CF-50F13D8321CD}.Ad-Hoc|iPhone.Build.0 = Debug|Any CPU
		{D5F6EBFB-6D01-46D9-85CF-50F13D8321CD}.AppStore|iPhone.ActiveCfg = Debug|Any CPU
		{D5F6EBFB-6D01-46D9-85CF-50F13D8321CD}.AppStore|iPhone.Build.0 = Debug|Any CPU
		{2D3B5009-B59B-4CC9-B7F3-325AF7BF3080}.Debug|Any CPU.ActiveCfg = Debug|Any CPU
		{2D3B5009-B59B-4CC9-B7F3-325AF7BF3080}.Debug|Any CPU.Build.0 = Debug|Any CPU
		{2D3B5009-B59B-4CC9-B7F3-325AF7BF3080}.Debug|ARM.ActiveCfg = Debug|Any CPU
		{2D3B5009-B59B-4CC9-B7F3-325AF7BF3080}.Debug|ARM.Build.0 = Debug|Any CPU
		{2D3B5009-B59B-4CC9-B7F3-325AF7BF3080}.Debug|iPhone.ActiveCfg = Debug|Any CPU
		{2D3B5009-B59B-4CC9-B7F3-325AF7BF3080}.Debug|iPhone.Build.0 = Debug|Any CPU
		{2D3B5009-B59B-4CC9-B7F3-325AF7BF3080}.Debug|iPhoneSimulator.ActiveCfg = Debug|Any CPU
		{2D3B5009-B59B-4CC9-B7F3-325AF7BF3080}.Debug|iPhoneSimulator.Build.0 = Debug|Any CPU
		{2D3B5009-B59B-4CC9-B7F3-325AF7BF3080}.Debug|x64.ActiveCfg = Debug|Any CPU
		{2D3B5009-B59B-4CC9-B7F3-325AF7BF3080}.Debug|x64.Build.0 = Debug|Any CPU
		{2D3B5009-B59B-4CC9-B7F3-325AF7BF3080}.Debug|x86.ActiveCfg = Debug|Any CPU
		{2D3B5009-B59B-4CC9-B7F3-325AF7BF3080}.Debug|x86.Build.0 = Debug|Any CPU
		{2D3B5009-B59B-4CC9-B7F3-325AF7BF3080}.Release|Any CPU.ActiveCfg = Release|Any CPU
		{2D3B5009-B59B-4CC9-B7F3-325AF7BF3080}.Release|Any CPU.Build.0 = Release|Any CPU
		{2D3B5009-B59B-4CC9-B7F3-325AF7BF3080}.Release|ARM.ActiveCfg = Release|Any CPU
		{2D3B5009-B59B-4CC9-B7F3-325AF7BF3080}.Release|ARM.Build.0 = Release|Any CPU
		{2D3B5009-B59B-4CC9-B7F3-325AF7BF3080}.Release|iPhone.ActiveCfg = Release|Any CPU
		{2D3B5009-B59B-4CC9-B7F3-325AF7BF3080}.Release|iPhone.Build.0 = Release|Any CPU
		{2D3B5009-B59B-4CC9-B7F3-325AF7BF3080}.Release|iPhoneSimulator.ActiveCfg = Release|Any CPU
		{2D3B5009-B59B-4CC9-B7F3-325AF7BF3080}.Release|iPhoneSimulator.Build.0 = Release|Any CPU
		{2D3B5009-B59B-4CC9-B7F3-325AF7BF3080}.Release|x64.ActiveCfg = Release|Any CPU
		{2D3B5009-B59B-4CC9-B7F3-325AF7BF3080}.Release|x64.Build.0 = Release|Any CPU
		{2D3B5009-B59B-4CC9-B7F3-325AF7BF3080}.Release|x86.ActiveCfg = Release|Any CPU
		{2D3B5009-B59B-4CC9-B7F3-325AF7BF3080}.Release|x86.Build.0 = Release|Any CPU
		{2D3B5009-B59B-4CC9-B7F3-325AF7BF3080}.Ad-Hoc|iPhone.ActiveCfg = Debug|Any CPU
		{2D3B5009-B59B-4CC9-B7F3-325AF7BF3080}.Ad-Hoc|iPhone.Build.0 = Debug|Any CPU
		{2D3B5009-B59B-4CC9-B7F3-325AF7BF3080}.AppStore|iPhone.ActiveCfg = Debug|Any CPU
		{2D3B5009-B59B-4CC9-B7F3-325AF7BF3080}.AppStore|iPhone.Build.0 = Debug|Any CPU
		{EE6E2DE0-E936-4AF4-AF05-349D82DFD5FF}.Debug|Any CPU.ActiveCfg = Debug|Any CPU
		{EE6E2DE0-E936-4AF4-AF05-349D82DFD5FF}.Debug|Any CPU.Build.0 = Debug|Any CPU
		{EE6E2DE0-E936-4AF4-AF05-349D82DFD5FF}.Debug|ARM.ActiveCfg = Debug|Any CPU
		{EE6E2DE0-E936-4AF4-AF05-349D82DFD5FF}.Debug|ARM.Build.0 = Debug|Any CPU
		{EE6E2DE0-E936-4AF4-AF05-349D82DFD5FF}.Debug|iPhone.ActiveCfg = Debug|Any CPU
		{EE6E2DE0-E936-4AF4-AF05-349D82DFD5FF}.Debug|iPhone.Build.0 = Debug|Any CPU
		{EE6E2DE0-E936-4AF4-AF05-349D82DFD5FF}.Debug|iPhoneSimulator.ActiveCfg = Debug|Any CPU
		{EE6E2DE0-E936-4AF4-AF05-349D82DFD5FF}.Debug|iPhoneSimulator.Build.0 = Debug|Any CPU
		{EE6E2DE0-E936-4AF4-AF05-349D82DFD5FF}.Debug|x64.ActiveCfg = Debug|Any CPU
		{EE6E2DE0-E936-4AF4-AF05-349D82DFD5FF}.Debug|x64.Build.0 = Debug|Any CPU
		{EE6E2DE0-E936-4AF4-AF05-349D82DFD5FF}.Debug|x86.ActiveCfg = Debug|Any CPU
		{EE6E2DE0-E936-4AF4-AF05-349D82DFD5FF}.Debug|x86.Build.0 = Debug|Any CPU
		{EE6E2DE0-E936-4AF4-AF05-349D82DFD5FF}.Release|Any CPU.ActiveCfg = Release|Any CPU
		{EE6E2DE0-E936-4AF4-AF05-349D82DFD5FF}.Release|Any CPU.Build.0 = Release|Any CPU
		{EE6E2DE0-E936-4AF4-AF05-349D82DFD5FF}.Release|ARM.ActiveCfg = Release|Any CPU
		{EE6E2DE0-E936-4AF4-AF05-349D82DFD5FF}.Release|ARM.Build.0 = Release|Any CPU
		{EE6E2DE0-E936-4AF4-AF05-349D82DFD5FF}.Release|iPhone.ActiveCfg = Release|Any CPU
		{EE6E2DE0-E936-4AF4-AF05-349D82DFD5FF}.Release|iPhone.Build.0 = Release|Any CPU
		{EE6E2DE0-E936-4AF4-AF05-349D82DFD5FF}.Release|iPhoneSimulator.ActiveCfg = Release|Any CPU
		{EE6E2DE0-E936-4AF4-AF05-349D82DFD5FF}.Release|iPhoneSimulator.Build.0 = Release|Any CPU
		{EE6E2DE0-E936-4AF4-AF05-349D82DFD5FF}.Release|x64.ActiveCfg = Release|Any CPU
		{EE6E2DE0-E936-4AF4-AF05-349D82DFD5FF}.Release|x64.Build.0 = Release|Any CPU
		{EE6E2DE0-E936-4AF4-AF05-349D82DFD5FF}.Release|x86.ActiveCfg = Release|Any CPU
		{EE6E2DE0-E936-4AF4-AF05-349D82DFD5FF}.Release|x86.Build.0 = Release|Any CPU
		{EE6E2DE0-E936-4AF4-AF05-349D82DFD5FF}.Ad-Hoc|iPhone.ActiveCfg = Debug|Any CPU
		{EE6E2DE0-E936-4AF4-AF05-349D82DFD5FF}.Ad-Hoc|iPhone.Build.0 = Debug|Any CPU
		{EE6E2DE0-E936-4AF4-AF05-349D82DFD5FF}.AppStore|iPhone.ActiveCfg = Debug|Any CPU
		{EE6E2DE0-E936-4AF4-AF05-349D82DFD5FF}.AppStore|iPhone.Build.0 = Debug|Any CPU
		{E2376A86-0D50-4318-B963-7AE9874AD0F2}.Debug|Any CPU.ActiveCfg = Debug|Any CPU
		{E2376A86-0D50-4318-B963-7AE9874AD0F2}.Debug|Any CPU.Build.0 = Debug|Any CPU
		{E2376A86-0D50-4318-B963-7AE9874AD0F2}.Debug|ARM.ActiveCfg = Debug|Any CPU
		{E2376A86-0D50-4318-B963-7AE9874AD0F2}.Debug|ARM.Build.0 = Debug|Any CPU
		{E2376A86-0D50-4318-B963-7AE9874AD0F2}.Debug|iPhone.ActiveCfg = Debug|Any CPU
		{E2376A86-0D50-4318-B963-7AE9874AD0F2}.Debug|iPhone.Build.0 = Debug|Any CPU
		{E2376A86-0D50-4318-B963-7AE9874AD0F2}.Debug|iPhoneSimulator.ActiveCfg = Debug|Any CPU
		{E2376A86-0D50-4318-B963-7AE9874AD0F2}.Debug|iPhoneSimulator.Build.0 = Debug|Any CPU
		{E2376A86-0D50-4318-B963-7AE9874AD0F2}.Debug|x64.ActiveCfg = Debug|Any CPU
		{E2376A86-0D50-4318-B963-7AE9874AD0F2}.Debug|x64.Build.0 = Debug|Any CPU
		{E2376A86-0D50-4318-B963-7AE9874AD0F2}.Debug|x86.ActiveCfg = Debug|Any CPU
		{E2376A86-0D50-4318-B963-7AE9874AD0F2}.Debug|x86.Build.0 = Debug|Any CPU
		{E2376A86-0D50-4318-B963-7AE9874AD0F2}.Release|Any CPU.ActiveCfg = Release|Any CPU
		{E2376A86-0D50-4318-B963-7AE9874AD0F2}.Release|Any CPU.Build.0 = Release|Any CPU
		{E2376A86-0D50-4318-B963-7AE9874AD0F2}.Release|ARM.ActiveCfg = Release|Any CPU
		{E2376A86-0D50-4318-B963-7AE9874AD0F2}.Release|ARM.Build.0 = Release|Any CPU
		{E2376A86-0D50-4318-B963-7AE9874AD0F2}.Release|iPhone.ActiveCfg = Release|Any CPU
		{E2376A86-0D50-4318-B963-7AE9874AD0F2}.Release|iPhone.Build.0 = Release|Any CPU
		{E2376A86-0D50-4318-B963-7AE9874AD0F2}.Release|iPhoneSimulator.ActiveCfg = Release|Any CPU
		{E2376A86-0D50-4318-B963-7AE9874AD0F2}.Release|iPhoneSimulator.Build.0 = Release|Any CPU
		{E2376A86-0D50-4318-B963-7AE9874AD0F2}.Release|x64.ActiveCfg = Release|Any CPU
		{E2376A86-0D50-4318-B963-7AE9874AD0F2}.Release|x64.Build.0 = Release|Any CPU
		{E2376A86-0D50-4318-B963-7AE9874AD0F2}.Release|x86.ActiveCfg = Release|Any CPU
		{E2376A86-0D50-4318-B963-7AE9874AD0F2}.Release|x86.Build.0 = Release|Any CPU
		{E2376A86-0D50-4318-B963-7AE9874AD0F2}.Ad-Hoc|iPhone.ActiveCfg = Debug|Any CPU
		{E2376A86-0D50-4318-B963-7AE9874AD0F2}.Ad-Hoc|iPhone.Build.0 = Debug|Any CPU
		{E2376A86-0D50-4318-B963-7AE9874AD0F2}.AppStore|iPhone.ActiveCfg = Debug|Any CPU
		{E2376A86-0D50-4318-B963-7AE9874AD0F2}.AppStore|iPhone.Build.0 = Debug|Any CPU
		{90AE4247-4352-4FF2-B80E-43ECA837B2BC}.Debug|Any CPU.ActiveCfg = Debug|iPhoneSimulator
		{90AE4247-4352-4FF2-B80E-43ECA837B2BC}.Debug|Any CPU.Build.0 = Debug|iPhoneSimulator
		{90AE4247-4352-4FF2-B80E-43ECA837B2BC}.Debug|ARM.ActiveCfg = Debug|iPhoneSimulator
		{90AE4247-4352-4FF2-B80E-43ECA837B2BC}.Debug|ARM.Build.0 = Debug|iPhoneSimulator
		{90AE4247-4352-4FF2-B80E-43ECA837B2BC}.Debug|iPhone.ActiveCfg = Debug|iPhone
		{90AE4247-4352-4FF2-B80E-43ECA837B2BC}.Debug|iPhone.Build.0 = Debug|iPhone
		{90AE4247-4352-4FF2-B80E-43ECA837B2BC}.Debug|iPhoneSimulator.ActiveCfg = Debug|iPhoneSimulator
		{90AE4247-4352-4FF2-B80E-43ECA837B2BC}.Debug|iPhoneSimulator.Build.0 = Debug|iPhoneSimulator
		{90AE4247-4352-4FF2-B80E-43ECA837B2BC}.Debug|x64.ActiveCfg = Debug|iPhoneSimulator
		{90AE4247-4352-4FF2-B80E-43ECA837B2BC}.Debug|x64.Build.0 = Debug|iPhoneSimulator
		{90AE4247-4352-4FF2-B80E-43ECA837B2BC}.Debug|x86.ActiveCfg = Debug|iPhoneSimulator
		{90AE4247-4352-4FF2-B80E-43ECA837B2BC}.Debug|x86.Build.0 = Debug|iPhoneSimulator
		{90AE4247-4352-4FF2-B80E-43ECA837B2BC}.Release|Any CPU.ActiveCfg = Release|iPhoneSimulator
		{90AE4247-4352-4FF2-B80E-43ECA837B2BC}.Release|Any CPU.Build.0 = Release|iPhoneSimulator
		{90AE4247-4352-4FF2-B80E-43ECA837B2BC}.Release|ARM.ActiveCfg = Release|iPhoneSimulator
		{90AE4247-4352-4FF2-B80E-43ECA837B2BC}.Release|ARM.Build.0 = Release|iPhoneSimulator
		{90AE4247-4352-4FF2-B80E-43ECA837B2BC}.Release|iPhone.ActiveCfg = Release|iPhone
		{90AE4247-4352-4FF2-B80E-43ECA837B2BC}.Release|iPhone.Build.0 = Release|iPhone
		{90AE4247-4352-4FF2-B80E-43ECA837B2BC}.Release|iPhoneSimulator.ActiveCfg = Release|iPhoneSimulator
		{90AE4247-4352-4FF2-B80E-43ECA837B2BC}.Release|iPhoneSimulator.Build.0 = Release|iPhoneSimulator
		{90AE4247-4352-4FF2-B80E-43ECA837B2BC}.Release|x64.ActiveCfg = Release|iPhoneSimulator
		{90AE4247-4352-4FF2-B80E-43ECA837B2BC}.Release|x64.Build.0 = Release|iPhoneSimulator
		{90AE4247-4352-4FF2-B80E-43ECA837B2BC}.Release|x86.ActiveCfg = Release|iPhoneSimulator
		{90AE4247-4352-4FF2-B80E-43ECA837B2BC}.Release|x86.Build.0 = Release|iPhoneSimulator
		{90AE4247-4352-4FF2-B80E-43ECA837B2BC}.Ad-Hoc|iPhone.ActiveCfg = Ad-Hoc|iPhone
		{90AE4247-4352-4FF2-B80E-43ECA837B2BC}.Ad-Hoc|iPhone.Build.0 = Ad-Hoc|iPhone
		{90AE4247-4352-4FF2-B80E-43ECA837B2BC}.AppStore|iPhone.ActiveCfg = AppStore|iPhone
		{90AE4247-4352-4FF2-B80E-43ECA837B2BC}.AppStore|iPhone.Build.0 = AppStore|iPhone
		{0BF751C7-8021-4472-8F91-5A42F55BB3C9}.Debug|Any CPU.ActiveCfg = Debug|Any CPU
		{0BF751C7-8021-4472-8F91-5A42F55BB3C9}.Debug|Any CPU.Build.0 = Debug|Any CPU
		{0BF751C7-8021-4472-8F91-5A42F55BB3C9}.Debug|ARM.ActiveCfg = Debug|Any CPU
		{0BF751C7-8021-4472-8F91-5A42F55BB3C9}.Debug|ARM.Build.0 = Debug|Any CPU
		{0BF751C7-8021-4472-8F91-5A42F55BB3C9}.Debug|iPhone.ActiveCfg = Debug|Any CPU
		{0BF751C7-8021-4472-8F91-5A42F55BB3C9}.Debug|iPhone.Build.0 = Debug|Any CPU
		{0BF751C7-8021-4472-8F91-5A42F55BB3C9}.Debug|iPhoneSimulator.ActiveCfg = Debug|Any CPU
		{0BF751C7-8021-4472-8F91-5A42F55BB3C9}.Debug|iPhoneSimulator.Build.0 = Debug|Any CPU
		{0BF751C7-8021-4472-8F91-5A42F55BB3C9}.Debug|x64.ActiveCfg = Debug|Any CPU
		{0BF751C7-8021-4472-8F91-5A42F55BB3C9}.Debug|x64.Build.0 = Debug|Any CPU
		{0BF751C7-8021-4472-8F91-5A42F55BB3C9}.Debug|x86.ActiveCfg = Debug|Any CPU
		{0BF751C7-8021-4472-8F91-5A42F55BB3C9}.Debug|x86.Build.0 = Debug|Any CPU
		{0BF751C7-8021-4472-8F91-5A42F55BB3C9}.Release|Any CPU.ActiveCfg = Release|Any CPU
		{0BF751C7-8021-4472-8F91-5A42F55BB3C9}.Release|Any CPU.Build.0 = Release|Any CPU
		{0BF751C7-8021-4472-8F91-5A42F55BB3C9}.Release|ARM.ActiveCfg = Release|Any CPU
		{0BF751C7-8021-4472-8F91-5A42F55BB3C9}.Release|ARM.Build.0 = Release|Any CPU
		{0BF751C7-8021-4472-8F91-5A42F55BB3C9}.Release|iPhone.ActiveCfg = Release|Any CPU
		{0BF751C7-8021-4472-8F91-5A42F55BB3C9}.Release|iPhone.Build.0 = Release|Any CPU
		{0BF751C7-8021-4472-8F91-5A42F55BB3C9}.Release|iPhoneSimulator.ActiveCfg = Release|Any CPU
		{0BF751C7-8021-4472-8F91-5A42F55BB3C9}.Release|iPhoneSimulator.Build.0 = Release|Any CPU
		{0BF751C7-8021-4472-8F91-5A42F55BB3C9}.Release|x64.ActiveCfg = Release|Any CPU
		{0BF751C7-8021-4472-8F91-5A42F55BB3C9}.Release|x64.Build.0 = Release|Any CPU
		{0BF751C7-8021-4472-8F91-5A42F55BB3C9}.Release|x86.ActiveCfg = Release|Any CPU
		{0BF751C7-8021-4472-8F91-5A42F55BB3C9}.Release|x86.Build.0 = Release|Any CPU
		{0BF751C7-8021-4472-8F91-5A42F55BB3C9}.Ad-Hoc|iPhone.ActiveCfg = Debug|Any CPU
		{0BF751C7-8021-4472-8F91-5A42F55BB3C9}.Ad-Hoc|iPhone.Build.0 = Debug|Any CPU
		{0BF751C7-8021-4472-8F91-5A42F55BB3C9}.AppStore|iPhone.ActiveCfg = Debug|Any CPU
		{0BF751C7-8021-4472-8F91-5A42F55BB3C9}.AppStore|iPhone.Build.0 = Debug|Any CPU
		{1C2073B0-B1E6-4D3B-9D10-B0F278C671E4}.Debug|Any CPU.ActiveCfg = Debug|Any CPU
		{1C2073B0-B1E6-4D3B-9D10-B0F278C671E4}.Debug|Any CPU.Build.0 = Debug|Any CPU
		{1C2073B0-B1E6-4D3B-9D10-B0F278C671E4}.Debug|ARM.ActiveCfg = Debug|Any CPU
		{1C2073B0-B1E6-4D3B-9D10-B0F278C671E4}.Debug|ARM.Build.0 = Debug|Any CPU
		{1C2073B0-B1E6-4D3B-9D10-B0F278C671E4}.Debug|iPhone.ActiveCfg = Debug|Any CPU
		{1C2073B0-B1E6-4D3B-9D10-B0F278C671E4}.Debug|iPhone.Build.0 = Debug|Any CPU
		{1C2073B0-B1E6-4D3B-9D10-B0F278C671E4}.Debug|iPhoneSimulator.ActiveCfg = Debug|Any CPU
		{1C2073B0-B1E6-4D3B-9D10-B0F278C671E4}.Debug|iPhoneSimulator.Build.0 = Debug|Any CPU
		{1C2073B0-B1E6-4D3B-9D10-B0F278C671E4}.Debug|x64.ActiveCfg = Debug|Any CPU
		{1C2073B0-B1E6-4D3B-9D10-B0F278C671E4}.Debug|x64.Build.0 = Debug|Any CPU
		{1C2073B0-B1E6-4D3B-9D10-B0F278C671E4}.Debug|x86.ActiveCfg = Debug|Any CPU
		{1C2073B0-B1E6-4D3B-9D10-B0F278C671E4}.Debug|x86.Build.0 = Debug|Any CPU
		{1C2073B0-B1E6-4D3B-9D10-B0F278C671E4}.Release|Any CPU.ActiveCfg = Release|Any CPU
		{1C2073B0-B1E6-4D3B-9D10-B0F278C671E4}.Release|Any CPU.Build.0 = Release|Any CPU
		{1C2073B0-B1E6-4D3B-9D10-B0F278C671E4}.Release|ARM.ActiveCfg = Release|Any CPU
		{1C2073B0-B1E6-4D3B-9D10-B0F278C671E4}.Release|ARM.Build.0 = Release|Any CPU
		{1C2073B0-B1E6-4D3B-9D10-B0F278C671E4}.Release|iPhone.ActiveCfg = Release|Any CPU
		{1C2073B0-B1E6-4D3B-9D10-B0F278C671E4}.Release|iPhone.Build.0 = Release|Any CPU
		{1C2073B0-B1E6-4D3B-9D10-B0F278C671E4}.Release|iPhoneSimulator.ActiveCfg = Release|Any CPU
		{1C2073B0-B1E6-4D3B-9D10-B0F278C671E4}.Release|iPhoneSimulator.Build.0 = Release|Any CPU
		{1C2073B0-B1E6-4D3B-9D10-B0F278C671E4}.Release|x64.ActiveCfg = Release|Any CPU
		{1C2073B0-B1E6-4D3B-9D10-B0F278C671E4}.Release|x64.Build.0 = Release|Any CPU
		{1C2073B0-B1E6-4D3B-9D10-B0F278C671E4}.Release|x86.ActiveCfg = Release|Any CPU
		{1C2073B0-B1E6-4D3B-9D10-B0F278C671E4}.Release|x86.Build.0 = Release|Any CPU
		{1C2073B0-B1E6-4D3B-9D10-B0F278C671E4}.Ad-Hoc|iPhone.ActiveCfg = Release|Any CPU
		{1C2073B0-B1E6-4D3B-9D10-B0F278C671E4}.Ad-Hoc|iPhone.Build.0 = Release|Any CPU
		{1C2073B0-B1E6-4D3B-9D10-B0F278C671E4}.AppStore|iPhone.ActiveCfg = Release|Any CPU
		{1C2073B0-B1E6-4D3B-9D10-B0F278C671E4}.AppStore|iPhone.Build.0 = Release|Any CPU
		{762888C5-8B07-41C2-8DE2-71FF8A775B40}.Debug|Any CPU.ActiveCfg = Debug|Any CPU
		{762888C5-8B07-41C2-8DE2-71FF8A775B40}.Debug|Any CPU.Build.0 = Debug|Any CPU
		{762888C5-8B07-41C2-8DE2-71FF8A775B40}.Debug|ARM.ActiveCfg = Debug|Any CPU
		{762888C5-8B07-41C2-8DE2-71FF8A775B40}.Debug|ARM.Build.0 = Debug|Any CPU
		{762888C5-8B07-41C2-8DE2-71FF8A775B40}.Debug|iPhone.ActiveCfg = Debug|Any CPU
		{762888C5-8B07-41C2-8DE2-71FF8A775B40}.Debug|iPhone.Build.0 = Debug|Any CPU
		{762888C5-8B07-41C2-8DE2-71FF8A775B40}.Debug|iPhoneSimulator.ActiveCfg = Debug|Any CPU
		{762888C5-8B07-41C2-8DE2-71FF8A775B40}.Debug|iPhoneSimulator.Build.0 = Debug|Any CPU
		{762888C5-8B07-41C2-8DE2-71FF8A775B40}.Debug|x64.ActiveCfg = Debug|Any CPU
		{762888C5-8B07-41C2-8DE2-71FF8A775B40}.Debug|x64.Build.0 = Debug|Any CPU
		{762888C5-8B07-41C2-8DE2-71FF8A775B40}.Debug|x86.ActiveCfg = Debug|Any CPU
		{762888C5-8B07-41C2-8DE2-71FF8A775B40}.Debug|x86.Build.0 = Debug|Any CPU
		{762888C5-8B07-41C2-8DE2-71FF8A775B40}.Release|Any CPU.ActiveCfg = Release|Any CPU
		{762888C5-8B07-41C2-8DE2-71FF8A775B40}.Release|Any CPU.Build.0 = Release|Any CPU
		{762888C5-8B07-41C2-8DE2-71FF8A775B40}.Release|ARM.ActiveCfg = Release|Any CPU
		{762888C5-8B07-41C2-8DE2-71FF8A775B40}.Release|ARM.Build.0 = Release|Any CPU
		{762888C5-8B07-41C2-8DE2-71FF8A775B40}.Release|iPhone.ActiveCfg = Release|Any CPU
		{762888C5-8B07-41C2-8DE2-71FF8A775B40}.Release|iPhone.Build.0 = Release|Any CPU
		{762888C5-8B07-41C2-8DE2-71FF8A775B40}.Release|iPhoneSimulator.ActiveCfg = Release|Any CPU
		{762888C5-8B07-41C2-8DE2-71FF8A775B40}.Release|iPhoneSimulator.Build.0 = Release|Any CPU
		{762888C5-8B07-41C2-8DE2-71FF8A775B40}.Release|x64.ActiveCfg = Release|Any CPU
		{762888C5-8B07-41C2-8DE2-71FF8A775B40}.Release|x64.Build.0 = Release|Any CPU
		{762888C5-8B07-41C2-8DE2-71FF8A775B40}.Release|x86.ActiveCfg = Release|Any CPU
		{762888C5-8B07-41C2-8DE2-71FF8A775B40}.Release|x86.Build.0 = Release|Any CPU
		{762888C5-8B07-41C2-8DE2-71FF8A775B40}.Ad-Hoc|iPhone.ActiveCfg = Release|Any CPU
		{762888C5-8B07-41C2-8DE2-71FF8A775B40}.Ad-Hoc|iPhone.Build.0 = Release|Any CPU
		{762888C5-8B07-41C2-8DE2-71FF8A775B40}.AppStore|iPhone.ActiveCfg = Release|Any CPU
		{762888C5-8B07-41C2-8DE2-71FF8A775B40}.AppStore|iPhone.Build.0 = Release|Any CPU
	EndGlobalSection
	GlobalSection(SolutionProperties) = preSolution
		HideSolutionNode = FALSE
	EndGlobalSection
	GlobalSection(NestedProjects) = preSolution
		{0FC3A639-20AD-41B5-BFCB-1619B5EDB8ED} = {D10504C4-934B-473D-BFF8-D69BDC60E72B}
		{0EBC708A-424D-484F-8B03-4D677995E2F5} = {D10504C4-934B-473D-BFF8-D69BDC60E72B}
		{D480A440-318D-4CD2-A662-17D6179B14DE} = {C452A2D9-C10D-487C-8004-22C90652D0F3}
		{975526AE-E7DC-48BC-945B-3DF220A1F4DB} = {C452A2D9-C10D-487C-8004-22C90652D0F3}
		{D5F6EBFB-6D01-46D9-85CF-50F13D8321CD} = {C452A2D9-C10D-487C-8004-22C90652D0F3}
		{2D3B5009-B59B-4CC9-B7F3-325AF7BF3080} = {C452A2D9-C10D-487C-8004-22C90652D0F3}
		{EE6E2DE0-E936-4AF4-AF05-349D82DFD5FF} = {C452A2D9-C10D-487C-8004-22C90652D0F3}
		{1C2073B0-B1E6-4D3B-9D10-B0F278C671E4} = {C452A2D9-C10D-487C-8004-22C90652D0F3}
		{762888C5-8B07-41C2-8DE2-71FF8A775B40} = {C452A2D9-C10D-487C-8004-22C90652D0F3}
	EndGlobalSection
EndGlobal
