Microsoft Visual Studio Solution File, Format Version 12.00
# Visual Studio 2010
Project("{2150E333-8FDC-42A3-9474-1A3956D46DE8}") = "Solution Items", "Solution Items", "{71588E7D-8C52-41E7-9281-E3BCC5C0EF45}"
	ProjectSection(SolutionItems) = preProject
		Backendless.NET.vsmdi = Backendless.NET.vsmdi
		Local.testsettings = Local.testsettings
		TraceAndTestImpact.testsettings = TraceAndTestImpact.testsettings
	EndProjectSection
EndProject
Project("{FAE04EC0-301F-11D3-BF4B-00C04F79EFBC}") = "Backendless.NET.Standard20", "Projects\Backendless.NET.Standard20\Backendless.NET.Standard20.csproj", "{A9D1588A-E72E-4D49-9853-57127A384E13}"
EndProject
Project("{FAE04EC0-301F-11D3-BF4B-00C04F79EFBC}") = "Backendless.NET.Framework4.7.1", "Projects\Backendless.NET.Framework4.7.1\Backendless.NET.Framework4.7.1.csproj", "{808CF48B-3D69-4A91-A31C-0EEFAC36FE18}"
EndProject
Project("{FAE04EC0-301F-11D3-BF4B-00C04F79EFBC}") = "Backendless.NET.Framework4.5.2", "Projects\Backendless.NET.Framework4.5.2\Backendless.NET.Framework4.5.2.csproj", "{7733D026-33BF-4E54-BEEC-9F86FD296E44}"
EndProject
Project("{FAE04EC0-301F-11D3-BF4B-00C04F79EFBC}") = "Backendless.NET.Framework4.0", "Projects\Backendless.NET.Framework4.0\Backendless.NET.Framework4.0.csproj", "{10895B0D-588D-470C-B129-67883BD384B3}"
EndProject
Project("{FAE04EC0-301F-11D3-BF4B-00C04F79EFBC}") = "Backendless.Unity.Framework4.5.2", "Projects\Backendless.Unity.Framework4.5.2\Backendless.Unity.Framework4.5.2.csproj", "{6D611981-64CC-45B3-9AE9-DF7165105DE6}"
EndProject
Project("{FAE04EC0-301F-11D3-BF4B-00C04F79EFBC}") = "Backendless.NET.Framework3.5", "Projects\Backendless.NET.Framework3.5\Backendless.NET.Framework3.5.csproj", "{0FDDA6B0-DE26-4E4E-B1D3-F98E66B6CC37}"
EndProject
Global
	GlobalSection(TestCaseManagementSettings) = postSolution
		CategoryFile = Backendless.NET.vsmdi
	EndGlobalSection
	GlobalSection(SolutionConfigurationPlatforms) = preSolution
		Debug|Any CPU = Debug|Any CPU
		Debug|ARM = Debug|ARM
		Debug|Mixed Platforms = Debug|Mixed Platforms
		Debug|x86 = Debug|x86
		NET_20_DEBUG|Any CPU = NET_20_DEBUG|Any CPU
		NET_20_DEBUG|ARM = NET_20_DEBUG|ARM
		NET_20_DEBUG|Mixed Platforms = NET_20_DEBUG|Mixed Platforms
		NET_20_DEBUG|x86 = NET_20_DEBUG|x86
		NET_20_RELEASE|Any CPU = NET_20_RELEASE|Any CPU
		NET_20_RELEASE|ARM = NET_20_RELEASE|ARM
		NET_20_RELEASE|Mixed Platforms = NET_20_RELEASE|Mixed Platforms
		NET_20_RELEASE|x86 = NET_20_RELEASE|x86
		NET_35_DEBUG|Any CPU = NET_35_DEBUG|Any CPU
		NET_35_DEBUG|ARM = NET_35_DEBUG|ARM
		NET_35_DEBUG|Mixed Platforms = NET_35_DEBUG|Mixed Platforms
		NET_35_DEBUG|x86 = NET_35_DEBUG|x86
		NET_35_RELEASE|Any CPU = NET_35_RELEASE|Any CPU
		NET_35_RELEASE|ARM = NET_35_RELEASE|ARM
		NET_35_RELEASE|Mixed Platforms = NET_35_RELEASE|Mixed Platforms
		NET_35_RELEASE|x86 = NET_35_RELEASE|x86
		NET_40_DEBUG|Any CPU = NET_40_DEBUG|Any CPU
		NET_40_DEBUG|ARM = NET_40_DEBUG|ARM
		NET_40_DEBUG|Mixed Platforms = NET_40_DEBUG|Mixed Platforms
		NET_40_DEBUG|x86 = NET_40_DEBUG|x86
		NET_40_RELEASE|Any CPU = NET_40_RELEASE|Any CPU
		NET_40_RELEASE|ARM = NET_40_RELEASE|ARM
		NET_40_RELEASE|Mixed Platforms = NET_40_RELEASE|Mixed Platforms
		NET_40_RELEASE|x86 = NET_40_RELEASE|x86
		NET_45_DEBUG|Any CPU = NET_45_DEBUG|Any CPU
		NET_45_DEBUG|ARM = NET_45_DEBUG|ARM
		NET_45_DEBUG|Mixed Platforms = NET_45_DEBUG|Mixed Platforms
		NET_45_DEBUG|x86 = NET_45_DEBUG|x86
		NET_45_RELEASE|Any CPU = NET_45_RELEASE|Any CPU
		NET_45_RELEASE|ARM = NET_45_RELEASE|ARM
		NET_45_RELEASE|Mixed Platforms = NET_45_RELEASE|Mixed Platforms
		NET_45_RELEASE|x86 = NET_45_RELEASE|x86
		Release|Any CPU = Release|Any CPU
		Release|ARM = Release|ARM
		Release|Mixed Platforms = Release|Mixed Platforms
		Release|x86 = Release|x86
		WP_Release|Any CPU = WP_Release|Any CPU
		WP_Release|ARM = WP_Release|ARM
		WP_Release|Mixed Platforms = WP_Release|Mixed Platforms
		WP_Release|x86 = WP_Release|x86
		WP8|Any CPU = WP8|Any CPU
		WP8|ARM = WP8|ARM
		WP8|Mixed Platforms = WP8|Mixed Platforms
		WP8|x86 = WP8|x86
		UNITY|Any CPU = UNITY|Any CPU
		UNITY|ARM = UNITY|ARM
		UNITY|Mixed Platforms = UNITY|Mixed Platforms
		UNITY|x86 = UNITY|x86
	EndGlobalSection
	GlobalSection(ProjectConfigurationPlatforms) = postSolution
		{A9D1588A-E72E-4D49-9853-57127A384E13}.Debug|Any CPU.ActiveCfg = Debug|Any CPU
		{A9D1588A-E72E-4D49-9853-57127A384E13}.Debug|Any CPU.Build.0 = Debug|Any CPU
		{A9D1588A-E72E-4D49-9853-57127A384E13}.Debug|ARM.ActiveCfg = Debug|Any CPU
		{A9D1588A-E72E-4D49-9853-57127A384E13}.Debug|ARM.Build.0 = Debug|Any CPU
		{A9D1588A-E72E-4D49-9853-57127A384E13}.Debug|Mixed Platforms.ActiveCfg = Debug|Any CPU
		{A9D1588A-E72E-4D49-9853-57127A384E13}.Debug|Mixed Platforms.Build.0 = Debug|Any CPU
		{A9D1588A-E72E-4D49-9853-57127A384E13}.Debug|x86.ActiveCfg = Debug|Any CPU
		{A9D1588A-E72E-4D49-9853-57127A384E13}.Debug|x86.Build.0 = Debug|Any CPU
		{A9D1588A-E72E-4D49-9853-57127A384E13}.NET_20_DEBUG|Any CPU.ActiveCfg = Debug|Any CPU
		{A9D1588A-E72E-4D49-9853-57127A384E13}.NET_20_DEBUG|Any CPU.Build.0 = Debug|Any CPU
		{A9D1588A-E72E-4D49-9853-57127A384E13}.NET_20_DEBUG|ARM.ActiveCfg = Debug|Any CPU
		{A9D1588A-E72E-4D49-9853-57127A384E13}.NET_20_DEBUG|ARM.Build.0 = Debug|Any CPU
		{A9D1588A-E72E-4D49-9853-57127A384E13}.NET_20_DEBUG|Mixed Platforms.ActiveCfg = Debug|Any CPU
		{A9D1588A-E72E-4D49-9853-57127A384E13}.NET_20_DEBUG|Mixed Platforms.Build.0 = Debug|Any CPU
		{A9D1588A-E72E-4D49-9853-57127A384E13}.NET_20_DEBUG|x86.ActiveCfg = Debug|Any CPU
		{A9D1588A-E72E-4D49-9853-57127A384E13}.NET_20_DEBUG|x86.Build.0 = Debug|Any CPU
		{A9D1588A-E72E-4D49-9853-57127A384E13}.NET_20_RELEASE|Any CPU.ActiveCfg = Debug|Any CPU
		{A9D1588A-E72E-4D49-9853-57127A384E13}.NET_20_RELEASE|Any CPU.Build.0 = Debug|Any CPU
		{A9D1588A-E72E-4D49-9853-57127A384E13}.NET_20_RELEASE|ARM.ActiveCfg = Debug|Any CPU
		{A9D1588A-E72E-4D49-9853-57127A384E13}.NET_20_RELEASE|ARM.Build.0 = Debug|Any CPU
		{A9D1588A-E72E-4D49-9853-57127A384E13}.NET_20_RELEASE|Mixed Platforms.ActiveCfg = Debug|Any CPU
		{A9D1588A-E72E-4D49-9853-57127A384E13}.NET_20_RELEASE|Mixed Platforms.Build.0 = Debug|Any CPU
		{A9D1588A-E72E-4D49-9853-57127A384E13}.NET_20_RELEASE|x86.ActiveCfg = Debug|Any CPU
		{A9D1588A-E72E-4D49-9853-57127A384E13}.NET_20_RELEASE|x86.Build.0 = Debug|Any CPU
		{A9D1588A-E72E-4D49-9853-57127A384E13}.NET_35_DEBUG|Any CPU.ActiveCfg = Debug|Any CPU
		{A9D1588A-E72E-4D49-9853-57127A384E13}.NET_35_DEBUG|Any CPU.Build.0 = Debug|Any CPU
		{A9D1588A-E72E-4D49-9853-57127A384E13}.NET_35_DEBUG|ARM.ActiveCfg = Debug|Any CPU
		{A9D1588A-E72E-4D49-9853-57127A384E13}.NET_35_DEBUG|ARM.Build.0 = Debug|Any CPU
		{A9D1588A-E72E-4D49-9853-57127A384E13}.NET_35_DEBUG|Mixed Platforms.ActiveCfg = Debug|Any CPU
		{A9D1588A-E72E-4D49-9853-57127A384E13}.NET_35_DEBUG|Mixed Platforms.Build.0 = Debug|Any CPU
		{A9D1588A-E72E-4D49-9853-57127A384E13}.NET_35_DEBUG|x86.ActiveCfg = Debug|Any CPU
		{A9D1588A-E72E-4D49-9853-57127A384E13}.NET_35_DEBUG|x86.Build.0 = Debug|Any CPU
		{A9D1588A-E72E-4D49-9853-57127A384E13}.NET_35_RELEASE|Any CPU.ActiveCfg = Debug|Any CPU
		{A9D1588A-E72E-4D49-9853-57127A384E13}.NET_35_RELEASE|Any CPU.Build.0 = Debug|Any CPU
		{A9D1588A-E72E-4D49-9853-57127A384E13}.NET_35_RELEASE|ARM.ActiveCfg = Debug|Any CPU
		{A9D1588A-E72E-4D49-9853-57127A384E13}.NET_35_RELEASE|ARM.Build.0 = Debug|Any CPU
		{A9D1588A-E72E-4D49-9853-57127A384E13}.NET_35_RELEASE|Mixed Platforms.ActiveCfg = Debug|Any CPU
		{A9D1588A-E72E-4D49-9853-57127A384E13}.NET_35_RELEASE|Mixed Platforms.Build.0 = Debug|Any CPU
		{A9D1588A-E72E-4D49-9853-57127A384E13}.NET_35_RELEASE|x86.ActiveCfg = Debug|Any CPU
		{A9D1588A-E72E-4D49-9853-57127A384E13}.NET_35_RELEASE|x86.Build.0 = Debug|Any CPU
		{A9D1588A-E72E-4D49-9853-57127A384E13}.NET_40_DEBUG|Any CPU.ActiveCfg = Debug|Any CPU
		{A9D1588A-E72E-4D49-9853-57127A384E13}.NET_40_DEBUG|Any CPU.Build.0 = Debug|Any CPU
		{A9D1588A-E72E-4D49-9853-57127A384E13}.NET_40_DEBUG|ARM.ActiveCfg = Debug|Any CPU
		{A9D1588A-E72E-4D49-9853-57127A384E13}.NET_40_DEBUG|ARM.Build.0 = Debug|Any CPU
		{A9D1588A-E72E-4D49-9853-57127A384E13}.NET_40_DEBUG|Mixed Platforms.ActiveCfg = Debug|Any CPU
		{A9D1588A-E72E-4D49-9853-57127A384E13}.NET_40_DEBUG|Mixed Platforms.Build.0 = Debug|Any CPU
		{A9D1588A-E72E-4D49-9853-57127A384E13}.NET_40_DEBUG|x86.ActiveCfg = Debug|Any CPU
		{A9D1588A-E72E-4D49-9853-57127A384E13}.NET_40_DEBUG|x86.Build.0 = Debug|Any CPU
		{A9D1588A-E72E-4D49-9853-57127A384E13}.NET_40_RELEASE|Any CPU.ActiveCfg = Debug|Any CPU
		{A9D1588A-E72E-4D49-9853-57127A384E13}.NET_40_RELEASE|Any CPU.Build.0 = Debug|Any CPU
		{A9D1588A-E72E-4D49-9853-57127A384E13}.NET_40_RELEASE|ARM.ActiveCfg = Debug|Any CPU
		{A9D1588A-E72E-4D49-9853-57127A384E13}.NET_40_RELEASE|ARM.Build.0 = Debug|Any CPU
		{A9D1588A-E72E-4D49-9853-57127A384E13}.NET_40_RELEASE|Mixed Platforms.ActiveCfg = Debug|Any CPU
		{A9D1588A-E72E-4D49-9853-57127A384E13}.NET_40_RELEASE|Mixed Platforms.Build.0 = Debug|Any CPU
		{A9D1588A-E72E-4D49-9853-57127A384E13}.NET_40_RELEASE|x86.ActiveCfg = Debug|Any CPU
		{A9D1588A-E72E-4D49-9853-57127A384E13}.NET_40_RELEASE|x86.Build.0 = Debug|Any CPU
		{A9D1588A-E72E-4D49-9853-57127A384E13}.NET_45_DEBUG|Any CPU.ActiveCfg = Debug|Any CPU
		{A9D1588A-E72E-4D49-9853-57127A384E13}.NET_45_DEBUG|Any CPU.Build.0 = Debug|Any CPU
		{A9D1588A-E72E-4D49-9853-57127A384E13}.NET_45_DEBUG|ARM.ActiveCfg = Debug|Any CPU
		{A9D1588A-E72E-4D49-9853-57127A384E13}.NET_45_DEBUG|ARM.Build.0 = Debug|Any CPU
		{A9D1588A-E72E-4D49-9853-57127A384E13}.NET_45_DEBUG|Mixed Platforms.ActiveCfg = Debug|Any CPU
		{A9D1588A-E72E-4D49-9853-57127A384E13}.NET_45_DEBUG|Mixed Platforms.Build.0 = Debug|Any CPU
		{A9D1588A-E72E-4D49-9853-57127A384E13}.NET_45_DEBUG|x86.ActiveCfg = Debug|Any CPU
		{A9D1588A-E72E-4D49-9853-57127A384E13}.NET_45_DEBUG|x86.Build.0 = Debug|Any CPU
		{A9D1588A-E72E-4D49-9853-57127A384E13}.NET_45_RELEASE|Any CPU.ActiveCfg = Debug|Any CPU
		{A9D1588A-E72E-4D49-9853-57127A384E13}.NET_45_RELEASE|Any CPU.Build.0 = Debug|Any CPU
		{A9D1588A-E72E-4D49-9853-57127A384E13}.NET_45_RELEASE|ARM.ActiveCfg = Debug|Any CPU
		{A9D1588A-E72E-4D49-9853-57127A384E13}.NET_45_RELEASE|ARM.Build.0 = Debug|Any CPU
		{A9D1588A-E72E-4D49-9853-57127A384E13}.NET_45_RELEASE|Mixed Platforms.ActiveCfg = Debug|Any CPU
		{A9D1588A-E72E-4D49-9853-57127A384E13}.NET_45_RELEASE|Mixed Platforms.Build.0 = Debug|Any CPU
		{A9D1588A-E72E-4D49-9853-57127A384E13}.NET_45_RELEASE|x86.ActiveCfg = Debug|Any CPU
		{A9D1588A-E72E-4D49-9853-57127A384E13}.NET_45_RELEASE|x86.Build.0 = Debug|Any CPU
		{A9D1588A-E72E-4D49-9853-57127A384E13}.Release|Any CPU.ActiveCfg = Release|Any CPU
		{A9D1588A-E72E-4D49-9853-57127A384E13}.Release|Any CPU.Build.0 = Release|Any CPU
		{A9D1588A-E72E-4D49-9853-57127A384E13}.Release|ARM.ActiveCfg = Release|Any CPU
		{A9D1588A-E72E-4D49-9853-57127A384E13}.Release|ARM.Build.0 = Release|Any CPU
		{A9D1588A-E72E-4D49-9853-57127A384E13}.Release|Mixed Platforms.ActiveCfg = Release|Any CPU
		{A9D1588A-E72E-4D49-9853-57127A384E13}.Release|Mixed Platforms.Build.0 = Release|Any CPU
		{A9D1588A-E72E-4D49-9853-57127A384E13}.Release|x86.ActiveCfg = Release|Any CPU
		{A9D1588A-E72E-4D49-9853-57127A384E13}.Release|x86.Build.0 = Release|Any CPU
		{A9D1588A-E72E-4D49-9853-57127A384E13}.WP_Release|Any CPU.ActiveCfg = Debug|Any CPU
		{A9D1588A-E72E-4D49-9853-57127A384E13}.WP_Release|Any CPU.Build.0 = Debug|Any CPU
		{A9D1588A-E72E-4D49-9853-57127A384E13}.WP_Release|ARM.ActiveCfg = Debug|Any CPU
		{A9D1588A-E72E-4D49-9853-57127A384E13}.WP_Release|ARM.Build.0 = Debug|Any CPU
		{A9D1588A-E72E-4D49-9853-57127A384E13}.WP_Release|Mixed Platforms.ActiveCfg = Debug|Any CPU
		{A9D1588A-E72E-4D49-9853-57127A384E13}.WP_Release|Mixed Platforms.Build.0 = Debug|Any CPU
		{A9D1588A-E72E-4D49-9853-57127A384E13}.WP_Release|x86.ActiveCfg = Debug|Any CPU
		{A9D1588A-E72E-4D49-9853-57127A384E13}.WP_Release|x86.Build.0 = Debug|Any CPU
		{A9D1588A-E72E-4D49-9853-57127A384E13}.WP8|Any CPU.ActiveCfg = Debug|Any CPU
		{A9D1588A-E72E-4D49-9853-57127A384E13}.WP8|Any CPU.Build.0 = Debug|Any CPU
		{A9D1588A-E72E-4D49-9853-57127A384E13}.WP8|ARM.ActiveCfg = Debug|Any CPU
		{A9D1588A-E72E-4D49-9853-57127A384E13}.WP8|ARM.Build.0 = Debug|Any CPU
		{A9D1588A-E72E-4D49-9853-57127A384E13}.WP8|Mixed Platforms.ActiveCfg = Debug|Any CPU
		{A9D1588A-E72E-4D49-9853-57127A384E13}.WP8|Mixed Platforms.Build.0 = Debug|Any CPU
		{A9D1588A-E72E-4D49-9853-57127A384E13}.WP8|x86.ActiveCfg = Debug|Any CPU
		{A9D1588A-E72E-4D49-9853-57127A384E13}.WP8|x86.Build.0 = Debug|Any CPU
		{A9D1588A-E72E-4D49-9853-57127A384E13}.UNITY|Any CPU.ActiveCfg = Debug|Any CPU
		{A9D1588A-E72E-4D49-9853-57127A384E13}.UNITY|Any CPU.Build.0 = Debug|Any CPU
		{A9D1588A-E72E-4D49-9853-57127A384E13}.UNITY|ARM.ActiveCfg = Debug|Any CPU
		{A9D1588A-E72E-4D49-9853-57127A384E13}.UNITY|ARM.Build.0 = Debug|Any CPU
		{A9D1588A-E72E-4D49-9853-57127A384E13}.UNITY|Mixed Platforms.ActiveCfg = Debug|Any CPU
		{A9D1588A-E72E-4D49-9853-57127A384E13}.UNITY|Mixed Platforms.Build.0 = Debug|Any CPU
		{A9D1588A-E72E-4D49-9853-57127A384E13}.UNITY|x86.ActiveCfg = Debug|Any CPU
		{A9D1588A-E72E-4D49-9853-57127A384E13}.UNITY|x86.Build.0 = Debug|Any CPU
		{808CF48B-3D69-4A91-A31C-0EEFAC36FE18}.Debug|Any CPU.ActiveCfg = Debug|Any CPU
		{808CF48B-3D69-4A91-A31C-0EEFAC36FE18}.Debug|Any CPU.Build.0 = Debug|Any CPU
		{808CF48B-3D69-4A91-A31C-0EEFAC36FE18}.Debug|ARM.ActiveCfg = Debug|Any CPU
		{808CF48B-3D69-4A91-A31C-0EEFAC36FE18}.Debug|ARM.Build.0 = Debug|Any CPU
		{808CF48B-3D69-4A91-A31C-0EEFAC36FE18}.Debug|Mixed Platforms.ActiveCfg = Debug|Any CPU
		{808CF48B-3D69-4A91-A31C-0EEFAC36FE18}.Debug|Mixed Platforms.Build.0 = Debug|Any CPU
		{808CF48B-3D69-4A91-A31C-0EEFAC36FE18}.Debug|x86.ActiveCfg = Debug|Any CPU
		{808CF48B-3D69-4A91-A31C-0EEFAC36FE18}.Debug|x86.Build.0 = Debug|Any CPU
		{808CF48B-3D69-4A91-A31C-0EEFAC36FE18}.NET_20_DEBUG|Any CPU.ActiveCfg = Debug|Any CPU
		{808CF48B-3D69-4A91-A31C-0EEFAC36FE18}.NET_20_DEBUG|Any CPU.Build.0 = Debug|Any CPU
		{808CF48B-3D69-4A91-A31C-0EEFAC36FE18}.NET_20_DEBUG|ARM.ActiveCfg = Debug|Any CPU
		{808CF48B-3D69-4A91-A31C-0EEFAC36FE18}.NET_20_DEBUG|ARM.Build.0 = Debug|Any CPU
		{808CF48B-3D69-4A91-A31C-0EEFAC36FE18}.NET_20_DEBUG|Mixed Platforms.ActiveCfg = Debug|Any CPU
		{808CF48B-3D69-4A91-A31C-0EEFAC36FE18}.NET_20_DEBUG|Mixed Platforms.Build.0 = Debug|Any CPU
		{808CF48B-3D69-4A91-A31C-0EEFAC36FE18}.NET_20_DEBUG|x86.ActiveCfg = Debug|Any CPU
		{808CF48B-3D69-4A91-A31C-0EEFAC36FE18}.NET_20_DEBUG|x86.Build.0 = Debug|Any CPU
		{808CF48B-3D69-4A91-A31C-0EEFAC36FE18}.NET_20_RELEASE|Any CPU.ActiveCfg = Debug|Any CPU
		{808CF48B-3D69-4A91-A31C-0EEFAC36FE18}.NET_20_RELEASE|Any CPU.Build.0 = Debug|Any CPU
		{808CF48B-3D69-4A91-A31C-0EEFAC36FE18}.NET_20_RELEASE|ARM.ActiveCfg = Debug|Any CPU
		{808CF48B-3D69-4A91-A31C-0EEFAC36FE18}.NET_20_RELEASE|ARM.Build.0 = Debug|Any CPU
		{808CF48B-3D69-4A91-A31C-0EEFAC36FE18}.NET_20_RELEASE|Mixed Platforms.ActiveCfg = Debug|Any CPU
		{808CF48B-3D69-4A91-A31C-0EEFAC36FE18}.NET_20_RELEASE|Mixed Platforms.Build.0 = Debug|Any CPU
		{808CF48B-3D69-4A91-A31C-0EEFAC36FE18}.NET_20_RELEASE|x86.ActiveCfg = Debug|Any CPU
		{808CF48B-3D69-4A91-A31C-0EEFAC36FE18}.NET_20_RELEASE|x86.Build.0 = Debug|Any CPU
		{808CF48B-3D69-4A91-A31C-0EEFAC36FE18}.NET_35_DEBUG|Any CPU.ActiveCfg = Debug|Any CPU
		{808CF48B-3D69-4A91-A31C-0EEFAC36FE18}.NET_35_DEBUG|Any CPU.Build.0 = Debug|Any CPU
		{808CF48B-3D69-4A91-A31C-0EEFAC36FE18}.NET_35_DEBUG|ARM.ActiveCfg = Debug|Any CPU
		{808CF48B-3D69-4A91-A31C-0EEFAC36FE18}.NET_35_DEBUG|ARM.Build.0 = Debug|Any CPU
		{808CF48B-3D69-4A91-A31C-0EEFAC36FE18}.NET_35_DEBUG|Mixed Platforms.ActiveCfg = Debug|Any CPU
		{808CF48B-3D69-4A91-A31C-0EEFAC36FE18}.NET_35_DEBUG|Mixed Platforms.Build.0 = Debug|Any CPU
		{808CF48B-3D69-4A91-A31C-0EEFAC36FE18}.NET_35_DEBUG|x86.ActiveCfg = Debug|Any CPU
		{808CF48B-3D69-4A91-A31C-0EEFAC36FE18}.NET_35_DEBUG|x86.Build.0 = Debug|Any CPU
		{808CF48B-3D69-4A91-A31C-0EEFAC36FE18}.NET_35_RELEASE|Any CPU.ActiveCfg = Debug|Any CPU
		{808CF48B-3D69-4A91-A31C-0EEFAC36FE18}.NET_35_RELEASE|Any CPU.Build.0 = Debug|Any CPU
		{808CF48B-3D69-4A91-A31C-0EEFAC36FE18}.NET_35_RELEASE|ARM.ActiveCfg = Debug|Any CPU
		{808CF48B-3D69-4A91-A31C-0EEFAC36FE18}.NET_35_RELEASE|ARM.Build.0 = Debug|Any CPU
		{808CF48B-3D69-4A91-A31C-0EEFAC36FE18}.NET_35_RELEASE|Mixed Platforms.ActiveCfg = Debug|Any CPU
		{808CF48B-3D69-4A91-A31C-0EEFAC36FE18}.NET_35_RELEASE|Mixed Platforms.Build.0 = Debug|Any CPU
		{808CF48B-3D69-4A91-A31C-0EEFAC36FE18}.NET_35_RELEASE|x86.ActiveCfg = Debug|Any CPU
		{808CF48B-3D69-4A91-A31C-0EEFAC36FE18}.NET_35_RELEASE|x86.Build.0 = Debug|Any CPU
		{808CF48B-3D69-4A91-A31C-0EEFAC36FE18}.NET_40_DEBUG|Any CPU.ActiveCfg = Debug|Any CPU
		{808CF48B-3D69-4A91-A31C-0EEFAC36FE18}.NET_40_DEBUG|Any CPU.Build.0 = Debug|Any CPU
		{808CF48B-3D69-4A91-A31C-0EEFAC36FE18}.NET_40_DEBUG|ARM.ActiveCfg = Debug|Any CPU
		{808CF48B-3D69-4A91-A31C-0EEFAC36FE18}.NET_40_DEBUG|ARM.Build.0 = Debug|Any CPU
		{808CF48B-3D69-4A91-A31C-0EEFAC36FE18}.NET_40_DEBUG|Mixed Platforms.ActiveCfg = Debug|Any CPU
		{808CF48B-3D69-4A91-A31C-0EEFAC36FE18}.NET_40_DEBUG|Mixed Platforms.Build.0 = Debug|Any CPU
		{808CF48B-3D69-4A91-A31C-0EEFAC36FE18}.NET_40_DEBUG|x86.ActiveCfg = Debug|Any CPU
		{808CF48B-3D69-4A91-A31C-0EEFAC36FE18}.NET_40_DEBUG|x86.Build.0 = Debug|Any CPU
		{808CF48B-3D69-4A91-A31C-0EEFAC36FE18}.NET_40_RELEASE|Any CPU.ActiveCfg = Debug|Any CPU
		{808CF48B-3D69-4A91-A31C-0EEFAC36FE18}.NET_40_RELEASE|Any CPU.Build.0 = Debug|Any CPU
		{808CF48B-3D69-4A91-A31C-0EEFAC36FE18}.NET_40_RELEASE|ARM.ActiveCfg = Debug|Any CPU
		{808CF48B-3D69-4A91-A31C-0EEFAC36FE18}.NET_40_RELEASE|ARM.Build.0 = Debug|Any CPU
		{808CF48B-3D69-4A91-A31C-0EEFAC36FE18}.NET_40_RELEASE|Mixed Platforms.ActiveCfg = Debug|Any CPU
		{808CF48B-3D69-4A91-A31C-0EEFAC36FE18}.NET_40_RELEASE|Mixed Platforms.Build.0 = Debug|Any CPU
		{808CF48B-3D69-4A91-A31C-0EEFAC36FE18}.NET_40_RELEASE|x86.ActiveCfg = Debug|Any CPU
		{808CF48B-3D69-4A91-A31C-0EEFAC36FE18}.NET_40_RELEASE|x86.Build.0 = Debug|Any CPU
		{808CF48B-3D69-4A91-A31C-0EEFAC36FE18}.NET_45_DEBUG|Any CPU.ActiveCfg = Debug|Any CPU
		{808CF48B-3D69-4A91-A31C-0EEFAC36FE18}.NET_45_DEBUG|Any CPU.Build.0 = Debug|Any CPU
		{808CF48B-3D69-4A91-A31C-0EEFAC36FE18}.NET_45_DEBUG|ARM.ActiveCfg = Debug|Any CPU
		{808CF48B-3D69-4A91-A31C-0EEFAC36FE18}.NET_45_DEBUG|ARM.Build.0 = Debug|Any CPU
		{808CF48B-3D69-4A91-A31C-0EEFAC36FE18}.NET_45_DEBUG|Mixed Platforms.ActiveCfg = Debug|Any CPU
		{808CF48B-3D69-4A91-A31C-0EEFAC36FE18}.NET_45_DEBUG|Mixed Platforms.Build.0 = Debug|Any CPU
		{808CF48B-3D69-4A91-A31C-0EEFAC36FE18}.NET_45_DEBUG|x86.ActiveCfg = Debug|Any CPU
		{808CF48B-3D69-4A91-A31C-0EEFAC36FE18}.NET_45_DEBUG|x86.Build.0 = Debug|Any CPU
		{808CF48B-3D69-4A91-A31C-0EEFAC36FE18}.NET_45_RELEASE|Any CPU.ActiveCfg = Debug|Any CPU
		{808CF48B-3D69-4A91-A31C-0EEFAC36FE18}.NET_45_RELEASE|Any CPU.Build.0 = Debug|Any CPU
		{808CF48B-3D69-4A91-A31C-0EEFAC36FE18}.NET_45_RELEASE|ARM.ActiveCfg = Debug|Any CPU
		{808CF48B-3D69-4A91-A31C-0EEFAC36FE18}.NET_45_RELEASE|ARM.Build.0 = Debug|Any CPU
		{808CF48B-3D69-4A91-A31C-0EEFAC36FE18}.NET_45_RELEASE|Mixed Platforms.ActiveCfg = Debug|Any CPU
		{808CF48B-3D69-4A91-A31C-0EEFAC36FE18}.NET_45_RELEASE|Mixed Platforms.Build.0 = Debug|Any CPU
		{808CF48B-3D69-4A91-A31C-0EEFAC36FE18}.NET_45_RELEASE|x86.ActiveCfg = Debug|Any CPU
		{808CF48B-3D69-4A91-A31C-0EEFAC36FE18}.NET_45_RELEASE|x86.Build.0 = Debug|Any CPU
		{808CF48B-3D69-4A91-A31C-0EEFAC36FE18}.Release|Any CPU.ActiveCfg = Release|Any CPU
		{808CF48B-3D69-4A91-A31C-0EEFAC36FE18}.Release|Any CPU.Build.0 = Release|Any CPU
		{808CF48B-3D69-4A91-A31C-0EEFAC36FE18}.Release|ARM.ActiveCfg = Release|Any CPU
		{808CF48B-3D69-4A91-A31C-0EEFAC36FE18}.Release|ARM.Build.0 = Release|Any CPU
		{808CF48B-3D69-4A91-A31C-0EEFAC36FE18}.Release|Mixed Platforms.ActiveCfg = Release|Any CPU
		{808CF48B-3D69-4A91-A31C-0EEFAC36FE18}.Release|Mixed Platforms.Build.0 = Release|Any CPU
		{808CF48B-3D69-4A91-A31C-0EEFAC36FE18}.Release|x86.ActiveCfg = Release|Any CPU
		{808CF48B-3D69-4A91-A31C-0EEFAC36FE18}.Release|x86.Build.0 = Release|Any CPU
		{808CF48B-3D69-4A91-A31C-0EEFAC36FE18}.WP_Release|Any CPU.ActiveCfg = Debug|Any CPU
		{808CF48B-3D69-4A91-A31C-0EEFAC36FE18}.WP_Release|Any CPU.Build.0 = Debug|Any CPU
		{808CF48B-3D69-4A91-A31C-0EEFAC36FE18}.WP_Release|ARM.ActiveCfg = Debug|Any CPU
		{808CF48B-3D69-4A91-A31C-0EEFAC36FE18}.WP_Release|ARM.Build.0 = Debug|Any CPU
		{808CF48B-3D69-4A91-A31C-0EEFAC36FE18}.WP_Release|Mixed Platforms.ActiveCfg = Debug|Any CPU
		{808CF48B-3D69-4A91-A31C-0EEFAC36FE18}.WP_Release|Mixed Platforms.Build.0 = Debug|Any CPU
		{808CF48B-3D69-4A91-A31C-0EEFAC36FE18}.WP_Release|x86.ActiveCfg = Debug|Any CPU
		{808CF48B-3D69-4A91-A31C-0EEFAC36FE18}.WP_Release|x86.Build.0 = Debug|Any CPU
		{808CF48B-3D69-4A91-A31C-0EEFAC36FE18}.WP8|Any CPU.ActiveCfg = Debug|Any CPU
		{808CF48B-3D69-4A91-A31C-0EEFAC36FE18}.WP8|Any CPU.Build.0 = Debug|Any CPU
		{808CF48B-3D69-4A91-A31C-0EEFAC36FE18}.WP8|ARM.ActiveCfg = Debug|Any CPU
		{808CF48B-3D69-4A91-A31C-0EEFAC36FE18}.WP8|ARM.Build.0 = Debug|Any CPU
		{808CF48B-3D69-4A91-A31C-0EEFAC36FE18}.WP8|Mixed Platforms.ActiveCfg = Debug|Any CPU
		{808CF48B-3D69-4A91-A31C-0EEFAC36FE18}.WP8|Mixed Platforms.Build.0 = Debug|Any CPU
		{808CF48B-3D69-4A91-A31C-0EEFAC36FE18}.WP8|x86.ActiveCfg = Debug|Any CPU
		{808CF48B-3D69-4A91-A31C-0EEFAC36FE18}.WP8|x86.Build.0 = Debug|Any CPU
		{808CF48B-3D69-4A91-A31C-0EEFAC36FE18}.UNITY|Any CPU.ActiveCfg = Debug|Any CPU
		{808CF48B-3D69-4A91-A31C-0EEFAC36FE18}.UNITY|Any CPU.Build.0 = Debug|Any CPU
		{808CF48B-3D69-4A91-A31C-0EEFAC36FE18}.UNITY|ARM.ActiveCfg = Debug|Any CPU
		{808CF48B-3D69-4A91-A31C-0EEFAC36FE18}.UNITY|ARM.Build.0 = Debug|Any CPU
		{808CF48B-3D69-4A91-A31C-0EEFAC36FE18}.UNITY|Mixed Platforms.ActiveCfg = Debug|Any CPU
		{808CF48B-3D69-4A91-A31C-0EEFAC36FE18}.UNITY|Mixed Platforms.Build.0 = Debug|Any CPU
		{808CF48B-3D69-4A91-A31C-0EEFAC36FE18}.UNITY|x86.ActiveCfg = Debug|Any CPU
		{808CF48B-3D69-4A91-A31C-0EEFAC36FE18}.UNITY|x86.Build.0 = Debug|Any CPU
		{7733D026-33BF-4E54-BEEC-9F86FD296E44}.Debug|Any CPU.ActiveCfg = Debug|Any CPU
		{7733D026-33BF-4E54-BEEC-9F86FD296E44}.Debug|Any CPU.Build.0 = Debug|Any CPU
		{7733D026-33BF-4E54-BEEC-9F86FD296E44}.Debug|ARM.ActiveCfg = Debug|Any CPU
		{7733D026-33BF-4E54-BEEC-9F86FD296E44}.Debug|ARM.Build.0 = Debug|Any CPU
		{7733D026-33BF-4E54-BEEC-9F86FD296E44}.Debug|Mixed Platforms.ActiveCfg = Debug|Any CPU
		{7733D026-33BF-4E54-BEEC-9F86FD296E44}.Debug|Mixed Platforms.Build.0 = Debug|Any CPU
		{7733D026-33BF-4E54-BEEC-9F86FD296E44}.Debug|x86.ActiveCfg = Debug|Any CPU
		{7733D026-33BF-4E54-BEEC-9F86FD296E44}.Debug|x86.Build.0 = Debug|Any CPU
		{7733D026-33BF-4E54-BEEC-9F86FD296E44}.NET_20_DEBUG|Any CPU.ActiveCfg = Debug|Any CPU
		{7733D026-33BF-4E54-BEEC-9F86FD296E44}.NET_20_DEBUG|Any CPU.Build.0 = Debug|Any CPU
		{7733D026-33BF-4E54-BEEC-9F86FD296E44}.NET_20_DEBUG|ARM.ActiveCfg = Debug|Any CPU
		{7733D026-33BF-4E54-BEEC-9F86FD296E44}.NET_20_DEBUG|ARM.Build.0 = Debug|Any CPU
		{7733D026-33BF-4E54-BEEC-9F86FD296E44}.NET_20_DEBUG|Mixed Platforms.ActiveCfg = Debug|Any CPU
		{7733D026-33BF-4E54-BEEC-9F86FD296E44}.NET_20_DEBUG|Mixed Platforms.Build.0 = Debug|Any CPU
		{7733D026-33BF-4E54-BEEC-9F86FD296E44}.NET_20_DEBUG|x86.ActiveCfg = Debug|Any CPU
		{7733D026-33BF-4E54-BEEC-9F86FD296E44}.NET_20_DEBUG|x86.Build.0 = Debug|Any CPU
		{7733D026-33BF-4E54-BEEC-9F86FD296E44}.NET_20_RELEASE|Any CPU.ActiveCfg = Debug|Any CPU
		{7733D026-33BF-4E54-BEEC-9F86FD296E44}.NET_20_RELEASE|Any CPU.Build.0 = Debug|Any CPU
		{7733D026-33BF-4E54-BEEC-9F86FD296E44}.NET_20_RELEASE|ARM.ActiveCfg = Debug|Any CPU
		{7733D026-33BF-4E54-BEEC-9F86FD296E44}.NET_20_RELEASE|ARM.Build.0 = Debug|Any CPU
		{7733D026-33BF-4E54-BEEC-9F86FD296E44}.NET_20_RELEASE|Mixed Platforms.ActiveCfg = Debug|Any CPU
		{7733D026-33BF-4E54-BEEC-9F86FD296E44}.NET_20_RELEASE|Mixed Platforms.Build.0 = Debug|Any CPU
		{7733D026-33BF-4E54-BEEC-9F86FD296E44}.NET_20_RELEASE|x86.ActiveCfg = Debug|Any CPU
		{7733D026-33BF-4E54-BEEC-9F86FD296E44}.NET_20_RELEASE|x86.Build.0 = Debug|Any CPU
		{7733D026-33BF-4E54-BEEC-9F86FD296E44}.NET_35_DEBUG|Any CPU.ActiveCfg = Debug|Any CPU
		{7733D026-33BF-4E54-BEEC-9F86FD296E44}.NET_35_DEBUG|Any CPU.Build.0 = Debug|Any CPU
		{7733D026-33BF-4E54-BEEC-9F86FD296E44}.NET_35_DEBUG|ARM.ActiveCfg = Debug|Any CPU
		{7733D026-33BF-4E54-BEEC-9F86FD296E44}.NET_35_DEBUG|ARM.Build.0 = Debug|Any CPU
		{7733D026-33BF-4E54-BEEC-9F86FD296E44}.NET_35_DEBUG|Mixed Platforms.ActiveCfg = Debug|Any CPU
		{7733D026-33BF-4E54-BEEC-9F86FD296E44}.NET_35_DEBUG|Mixed Platforms.Build.0 = Debug|Any CPU
		{7733D026-33BF-4E54-BEEC-9F86FD296E44}.NET_35_DEBUG|x86.ActiveCfg = Debug|Any CPU
		{7733D026-33BF-4E54-BEEC-9F86FD296E44}.NET_35_DEBUG|x86.Build.0 = Debug|Any CPU
		{7733D026-33BF-4E54-BEEC-9F86FD296E44}.NET_35_RELEASE|Any CPU.ActiveCfg = Debug|Any CPU
		{7733D026-33BF-4E54-BEEC-9F86FD296E44}.NET_35_RELEASE|Any CPU.Build.0 = Debug|Any CPU
		{7733D026-33BF-4E54-BEEC-9F86FD296E44}.NET_35_RELEASE|ARM.ActiveCfg = Debug|Any CPU
		{7733D026-33BF-4E54-BEEC-9F86FD296E44}.NET_35_RELEASE|ARM.Build.0 = Debug|Any CPU
		{7733D026-33BF-4E54-BEEC-9F86FD296E44}.NET_35_RELEASE|Mixed Platforms.ActiveCfg = Debug|Any CPU
		{7733D026-33BF-4E54-BEEC-9F86FD296E44}.NET_35_RELEASE|Mixed Platforms.Build.0 = Debug|Any CPU
		{7733D026-33BF-4E54-BEEC-9F86FD296E44}.NET_35_RELEASE|x86.ActiveCfg = Debug|Any CPU
		{7733D026-33BF-4E54-BEEC-9F86FD296E44}.NET_35_RELEASE|x86.Build.0 = Debug|Any CPU
		{7733D026-33BF-4E54-BEEC-9F86FD296E44}.NET_40_DEBUG|Any CPU.ActiveCfg = Debug|Any CPU
		{7733D026-33BF-4E54-BEEC-9F86FD296E44}.NET_40_DEBUG|Any CPU.Build.0 = Debug|Any CPU
		{7733D026-33BF-4E54-BEEC-9F86FD296E44}.NET_40_DEBUG|ARM.ActiveCfg = Debug|Any CPU
		{7733D026-33BF-4E54-BEEC-9F86FD296E44}.NET_40_DEBUG|ARM.Build.0 = Debug|Any CPU
		{7733D026-33BF-4E54-BEEC-9F86FD296E44}.NET_40_DEBUG|Mixed Platforms.ActiveCfg = Debug|Any CPU
		{7733D026-33BF-4E54-BEEC-9F86FD296E44}.NET_40_DEBUG|Mixed Platforms.Build.0 = Debug|Any CPU
		{7733D026-33BF-4E54-BEEC-9F86FD296E44}.NET_40_DEBUG|x86.ActiveCfg = Debug|Any CPU
		{7733D026-33BF-4E54-BEEC-9F86FD296E44}.NET_40_DEBUG|x86.Build.0 = Debug|Any CPU
		{7733D026-33BF-4E54-BEEC-9F86FD296E44}.NET_40_RELEASE|Any CPU.ActiveCfg = Debug|Any CPU
		{7733D026-33BF-4E54-BEEC-9F86FD296E44}.NET_40_RELEASE|Any CPU.Build.0 = Debug|Any CPU
		{7733D026-33BF-4E54-BEEC-9F86FD296E44}.NET_40_RELEASE|ARM.ActiveCfg = Debug|Any CPU
		{7733D026-33BF-4E54-BEEC-9F86FD296E44}.NET_40_RELEASE|ARM.Build.0 = Debug|Any CPU
		{7733D026-33BF-4E54-BEEC-9F86FD296E44}.NET_40_RELEASE|Mixed Platforms.ActiveCfg = Debug|Any CPU
		{7733D026-33BF-4E54-BEEC-9F86FD296E44}.NET_40_RELEASE|Mixed Platforms.Build.0 = Debug|Any CPU
		{7733D026-33BF-4E54-BEEC-9F86FD296E44}.NET_40_RELEASE|x86.ActiveCfg = Debug|Any CPU
		{7733D026-33BF-4E54-BEEC-9F86FD296E44}.NET_40_RELEASE|x86.Build.0 = Debug|Any CPU
		{7733D026-33BF-4E54-BEEC-9F86FD296E44}.NET_45_DEBUG|Any CPU.ActiveCfg = Debug|Any CPU
		{7733D026-33BF-4E54-BEEC-9F86FD296E44}.NET_45_DEBUG|Any CPU.Build.0 = Debug|Any CPU
		{7733D026-33BF-4E54-BEEC-9F86FD296E44}.NET_45_DEBUG|ARM.ActiveCfg = Debug|Any CPU
		{7733D026-33BF-4E54-BEEC-9F86FD296E44}.NET_45_DEBUG|ARM.Build.0 = Debug|Any CPU
		{7733D026-33BF-4E54-BEEC-9F86FD296E44}.NET_45_DEBUG|Mixed Platforms.ActiveCfg = Debug|Any CPU
		{7733D026-33BF-4E54-BEEC-9F86FD296E44}.NET_45_DEBUG|Mixed Platforms.Build.0 = Debug|Any CPU
		{7733D026-33BF-4E54-BEEC-9F86FD296E44}.NET_45_DEBUG|x86.ActiveCfg = Debug|Any CPU
		{7733D026-33BF-4E54-BEEC-9F86FD296E44}.NET_45_DEBUG|x86.Build.0 = Debug|Any CPU
		{7733D026-33BF-4E54-BEEC-9F86FD296E44}.NET_45_RELEASE|Any CPU.ActiveCfg = Debug|Any CPU
		{7733D026-33BF-4E54-BEEC-9F86FD296E44}.NET_45_RELEASE|Any CPU.Build.0 = Debug|Any CPU
		{7733D026-33BF-4E54-BEEC-9F86FD296E44}.NET_45_RELEASE|ARM.ActiveCfg = Debug|Any CPU
		{7733D026-33BF-4E54-BEEC-9F86FD296E44}.NET_45_RELEASE|ARM.Build.0 = Debug|Any CPU
		{7733D026-33BF-4E54-BEEC-9F86FD296E44}.NET_45_RELEASE|Mixed Platforms.ActiveCfg = Debug|Any CPU
		{7733D026-33BF-4E54-BEEC-9F86FD296E44}.NET_45_RELEASE|Mixed Platforms.Build.0 = Debug|Any CPU
		{7733D026-33BF-4E54-BEEC-9F86FD296E44}.NET_45_RELEASE|x86.ActiveCfg = Debug|Any CPU
		{7733D026-33BF-4E54-BEEC-9F86FD296E44}.NET_45_RELEASE|x86.Build.0 = Debug|Any CPU
		{7733D026-33BF-4E54-BEEC-9F86FD296E44}.Release|Any CPU.ActiveCfg = Release|Any CPU
		{7733D026-33BF-4E54-BEEC-9F86FD296E44}.Release|Any CPU.Build.0 = Release|Any CPU
		{7733D026-33BF-4E54-BEEC-9F86FD296E44}.Release|ARM.ActiveCfg = Release|Any CPU
		{7733D026-33BF-4E54-BEEC-9F86FD296E44}.Release|ARM.Build.0 = Release|Any CPU
		{7733D026-33BF-4E54-BEEC-9F86FD296E44}.Release|Mixed Platforms.ActiveCfg = Release|Any CPU
		{7733D026-33BF-4E54-BEEC-9F86FD296E44}.Release|Mixed Platforms.Build.0 = Release|Any CPU
		{7733D026-33BF-4E54-BEEC-9F86FD296E44}.Release|x86.ActiveCfg = Release|Any CPU
		{7733D026-33BF-4E54-BEEC-9F86FD296E44}.Release|x86.Build.0 = Release|Any CPU
		{7733D026-33BF-4E54-BEEC-9F86FD296E44}.WP_Release|Any CPU.ActiveCfg = Debug|Any CPU
		{7733D026-33BF-4E54-BEEC-9F86FD296E44}.WP_Release|Any CPU.Build.0 = Debug|Any CPU
		{7733D026-33BF-4E54-BEEC-9F86FD296E44}.WP_Release|ARM.ActiveCfg = Debug|Any CPU
		{7733D026-33BF-4E54-BEEC-9F86FD296E44}.WP_Release|ARM.Build.0 = Debug|Any CPU
		{7733D026-33BF-4E54-BEEC-9F86FD296E44}.WP_Release|Mixed Platforms.ActiveCfg = Debug|Any CPU
		{7733D026-33BF-4E54-BEEC-9F86FD296E44}.WP_Release|Mixed Platforms.Build.0 = Debug|Any CPU
		{7733D026-33BF-4E54-BEEC-9F86FD296E44}.WP_Release|x86.ActiveCfg = Debug|Any CPU
		{7733D026-33BF-4E54-BEEC-9F86FD296E44}.WP_Release|x86.Build.0 = Debug|Any CPU
		{7733D026-33BF-4E54-BEEC-9F86FD296E44}.WP8|Any CPU.ActiveCfg = Debug|Any CPU
		{7733D026-33BF-4E54-BEEC-9F86FD296E44}.WP8|Any CPU.Build.0 = Debug|Any CPU
		{7733D026-33BF-4E54-BEEC-9F86FD296E44}.WP8|ARM.ActiveCfg = Debug|Any CPU
		{7733D026-33BF-4E54-BEEC-9F86FD296E44}.WP8|ARM.Build.0 = Debug|Any CPU
		{7733D026-33BF-4E54-BEEC-9F86FD296E44}.WP8|Mixed Platforms.ActiveCfg = Debug|Any CPU
		{7733D026-33BF-4E54-BEEC-9F86FD296E44}.WP8|Mixed Platforms.Build.0 = Debug|Any CPU
		{7733D026-33BF-4E54-BEEC-9F86FD296E44}.WP8|x86.ActiveCfg = Debug|Any CPU
		{7733D026-33BF-4E54-BEEC-9F86FD296E44}.WP8|x86.Build.0 = Debug|Any CPU
		{7733D026-33BF-4E54-BEEC-9F86FD296E44}.UNITY|Any CPU.ActiveCfg = Debug|Any CPU
		{7733D026-33BF-4E54-BEEC-9F86FD296E44}.UNITY|Any CPU.Build.0 = Debug|Any CPU
		{7733D026-33BF-4E54-BEEC-9F86FD296E44}.UNITY|ARM.ActiveCfg = Debug|Any CPU
		{7733D026-33BF-4E54-BEEC-9F86FD296E44}.UNITY|ARM.Build.0 = Debug|Any CPU
		{7733D026-33BF-4E54-BEEC-9F86FD296E44}.UNITY|Mixed Platforms.ActiveCfg = Debug|Any CPU
		{7733D026-33BF-4E54-BEEC-9F86FD296E44}.UNITY|Mixed Platforms.Build.0 = Debug|Any CPU
		{7733D026-33BF-4E54-BEEC-9F86FD296E44}.UNITY|x86.ActiveCfg = Debug|Any CPU
		{7733D026-33BF-4E54-BEEC-9F86FD296E44}.UNITY|x86.Build.0 = Debug|Any CPU
		{10895B0D-588D-470C-B129-67883BD384B3}.Debug|Any CPU.ActiveCfg = Debug|Any CPU
		{10895B0D-588D-470C-B129-67883BD384B3}.Debug|Any CPU.Build.0 = Debug|Any CPU
		{10895B0D-588D-470C-B129-67883BD384B3}.Debug|ARM.ActiveCfg = Debug|Any CPU
		{10895B0D-588D-470C-B129-67883BD384B3}.Debug|ARM.Build.0 = Debug|Any CPU
		{10895B0D-588D-470C-B129-67883BD384B3}.Debug|Mixed Platforms.ActiveCfg = Debug|Any CPU
		{10895B0D-588D-470C-B129-67883BD384B3}.Debug|Mixed Platforms.Build.0 = Debug|Any CPU
		{10895B0D-588D-470C-B129-67883BD384B3}.Debug|x86.ActiveCfg = Debug|Any CPU
		{10895B0D-588D-470C-B129-67883BD384B3}.Debug|x86.Build.0 = Debug|Any CPU
		{10895B0D-588D-470C-B129-67883BD384B3}.NET_20_DEBUG|Any CPU.ActiveCfg = Debug|Any CPU
		{10895B0D-588D-470C-B129-67883BD384B3}.NET_20_DEBUG|Any CPU.Build.0 = Debug|Any CPU
		{10895B0D-588D-470C-B129-67883BD384B3}.NET_20_DEBUG|ARM.ActiveCfg = Debug|Any CPU
		{10895B0D-588D-470C-B129-67883BD384B3}.NET_20_DEBUG|ARM.Build.0 = Debug|Any CPU
		{10895B0D-588D-470C-B129-67883BD384B3}.NET_20_DEBUG|Mixed Platforms.ActiveCfg = Debug|Any CPU
		{10895B0D-588D-470C-B129-67883BD384B3}.NET_20_DEBUG|Mixed Platforms.Build.0 = Debug|Any CPU
		{10895B0D-588D-470C-B129-67883BD384B3}.NET_20_DEBUG|x86.ActiveCfg = Debug|Any CPU
		{10895B0D-588D-470C-B129-67883BD384B3}.NET_20_DEBUG|x86.Build.0 = Debug|Any CPU
		{10895B0D-588D-470C-B129-67883BD384B3}.NET_20_RELEASE|Any CPU.ActiveCfg = Debug|Any CPU
		{10895B0D-588D-470C-B129-67883BD384B3}.NET_20_RELEASE|Any CPU.Build.0 = Debug|Any CPU
		{10895B0D-588D-470C-B129-67883BD384B3}.NET_20_RELEASE|ARM.ActiveCfg = Debug|Any CPU
		{10895B0D-588D-470C-B129-67883BD384B3}.NET_20_RELEASE|ARM.Build.0 = Debug|Any CPU
		{10895B0D-588D-470C-B129-67883BD384B3}.NET_20_RELEASE|Mixed Platforms.ActiveCfg = Debug|Any CPU
		{10895B0D-588D-470C-B129-67883BD384B3}.NET_20_RELEASE|Mixed Platforms.Build.0 = Debug|Any CPU
		{10895B0D-588D-470C-B129-67883BD384B3}.NET_20_RELEASE|x86.ActiveCfg = Debug|Any CPU
		{10895B0D-588D-470C-B129-67883BD384B3}.NET_20_RELEASE|x86.Build.0 = Debug|Any CPU
		{10895B0D-588D-470C-B129-67883BD384B3}.NET_35_DEBUG|Any CPU.ActiveCfg = Debug|Any CPU
		{10895B0D-588D-470C-B129-67883BD384B3}.NET_35_DEBUG|Any CPU.Build.0 = Debug|Any CPU
		{10895B0D-588D-470C-B129-67883BD384B3}.NET_35_DEBUG|ARM.ActiveCfg = Debug|Any CPU
		{10895B0D-588D-470C-B129-67883BD384B3}.NET_35_DEBUG|ARM.Build.0 = Debug|Any CPU
		{10895B0D-588D-470C-B129-67883BD384B3}.NET_35_DEBUG|Mixed Platforms.ActiveCfg = Debug|Any CPU
		{10895B0D-588D-470C-B129-67883BD384B3}.NET_35_DEBUG|Mixed Platforms.Build.0 = Debug|Any CPU
		{10895B0D-588D-470C-B129-67883BD384B3}.NET_35_DEBUG|x86.ActiveCfg = Debug|Any CPU
		{10895B0D-588D-470C-B129-67883BD384B3}.NET_35_DEBUG|x86.Build.0 = Debug|Any CPU
		{10895B0D-588D-470C-B129-67883BD384B3}.NET_35_RELEASE|Any CPU.ActiveCfg = Debug|Any CPU
		{10895B0D-588D-470C-B129-67883BD384B3}.NET_35_RELEASE|Any CPU.Build.0 = Debug|Any CPU
		{10895B0D-588D-470C-B129-67883BD384B3}.NET_35_RELEASE|ARM.ActiveCfg = Debug|Any CPU
		{10895B0D-588D-470C-B129-67883BD384B3}.NET_35_RELEASE|ARM.Build.0 = Debug|Any CPU
		{10895B0D-588D-470C-B129-67883BD384B3}.NET_35_RELEASE|Mixed Platforms.ActiveCfg = Debug|Any CPU
		{10895B0D-588D-470C-B129-67883BD384B3}.NET_35_RELEASE|Mixed Platforms.Build.0 = Debug|Any CPU
		{10895B0D-588D-470C-B129-67883BD384B3}.NET_35_RELEASE|x86.ActiveCfg = Debug|Any CPU
		{10895B0D-588D-470C-B129-67883BD384B3}.NET_35_RELEASE|x86.Build.0 = Debug|Any CPU
		{10895B0D-588D-470C-B129-67883BD384B3}.NET_40_DEBUG|Any CPU.ActiveCfg = Debug|Any CPU
		{10895B0D-588D-470C-B129-67883BD384B3}.NET_40_DEBUG|Any CPU.Build.0 = Debug|Any CPU
		{10895B0D-588D-470C-B129-67883BD384B3}.NET_40_DEBUG|ARM.ActiveCfg = Debug|Any CPU
		{10895B0D-588D-470C-B129-67883BD384B3}.NET_40_DEBUG|ARM.Build.0 = Debug|Any CPU
		{10895B0D-588D-470C-B129-67883BD384B3}.NET_40_DEBUG|Mixed Platforms.ActiveCfg = Debug|Any CPU
		{10895B0D-588D-470C-B129-67883BD384B3}.NET_40_DEBUG|Mixed Platforms.Build.0 = Debug|Any CPU
		{10895B0D-588D-470C-B129-67883BD384B3}.NET_40_DEBUG|x86.ActiveCfg = Debug|Any CPU
		{10895B0D-588D-470C-B129-67883BD384B3}.NET_40_DEBUG|x86.Build.0 = Debug|Any CPU
		{10895B0D-588D-470C-B129-67883BD384B3}.NET_40_RELEASE|Any CPU.ActiveCfg = Debug|Any CPU
		{10895B0D-588D-470C-B129-67883BD384B3}.NET_40_RELEASE|Any CPU.Build.0 = Debug|Any CPU
		{10895B0D-588D-470C-B129-67883BD384B3}.NET_40_RELEASE|ARM.ActiveCfg = Debug|Any CPU
		{10895B0D-588D-470C-B129-67883BD384B3}.NET_40_RELEASE|ARM.Build.0 = Debug|Any CPU
		{10895B0D-588D-470C-B129-67883BD384B3}.NET_40_RELEASE|Mixed Platforms.ActiveCfg = Debug|Any CPU
		{10895B0D-588D-470C-B129-67883BD384B3}.NET_40_RELEASE|Mixed Platforms.Build.0 = Debug|Any CPU
		{10895B0D-588D-470C-B129-67883BD384B3}.NET_40_RELEASE|x86.ActiveCfg = Debug|Any CPU
		{10895B0D-588D-470C-B129-67883BD384B3}.NET_40_RELEASE|x86.Build.0 = Debug|Any CPU
		{10895B0D-588D-470C-B129-67883BD384B3}.NET_45_DEBUG|Any CPU.ActiveCfg = Debug|Any CPU
		{10895B0D-588D-470C-B129-67883BD384B3}.NET_45_DEBUG|Any CPU.Build.0 = Debug|Any CPU
		{10895B0D-588D-470C-B129-67883BD384B3}.NET_45_DEBUG|ARM.ActiveCfg = Debug|Any CPU
		{10895B0D-588D-470C-B129-67883BD384B3}.NET_45_DEBUG|ARM.Build.0 = Debug|Any CPU
		{10895B0D-588D-470C-B129-67883BD384B3}.NET_45_DEBUG|Mixed Platforms.ActiveCfg = Debug|Any CPU
		{10895B0D-588D-470C-B129-67883BD384B3}.NET_45_DEBUG|Mixed Platforms.Build.0 = Debug|Any CPU
		{10895B0D-588D-470C-B129-67883BD384B3}.NET_45_DEBUG|x86.ActiveCfg = Debug|Any CPU
		{10895B0D-588D-470C-B129-67883BD384B3}.NET_45_DEBUG|x86.Build.0 = Debug|Any CPU
		{10895B0D-588D-470C-B129-67883BD384B3}.NET_45_RELEASE|Any CPU.ActiveCfg = Debug|Any CPU
		{10895B0D-588D-470C-B129-67883BD384B3}.NET_45_RELEASE|Any CPU.Build.0 = Debug|Any CPU
		{10895B0D-588D-470C-B129-67883BD384B3}.NET_45_RELEASE|ARM.ActiveCfg = Debug|Any CPU
		{10895B0D-588D-470C-B129-67883BD384B3}.NET_45_RELEASE|ARM.Build.0 = Debug|Any CPU
		{10895B0D-588D-470C-B129-67883BD384B3}.NET_45_RELEASE|Mixed Platforms.ActiveCfg = Debug|Any CPU
		{10895B0D-588D-470C-B129-67883BD384B3}.NET_45_RELEASE|Mixed Platforms.Build.0 = Debug|Any CPU
		{10895B0D-588D-470C-B129-67883BD384B3}.NET_45_RELEASE|x86.ActiveCfg = Debug|Any CPU
		{10895B0D-588D-470C-B129-67883BD384B3}.NET_45_RELEASE|x86.Build.0 = Debug|Any CPU
		{10895B0D-588D-470C-B129-67883BD384B3}.Release|Any CPU.ActiveCfg = Release|Any CPU
		{10895B0D-588D-470C-B129-67883BD384B3}.Release|Any CPU.Build.0 = Release|Any CPU
		{10895B0D-588D-470C-B129-67883BD384B3}.Release|ARM.ActiveCfg = Release|Any CPU
		{10895B0D-588D-470C-B129-67883BD384B3}.Release|ARM.Build.0 = Release|Any CPU
		{10895B0D-588D-470C-B129-67883BD384B3}.Release|Mixed Platforms.ActiveCfg = Release|Any CPU
		{10895B0D-588D-470C-B129-67883BD384B3}.Release|Mixed Platforms.Build.0 = Release|Any CPU
		{10895B0D-588D-470C-B129-67883BD384B3}.Release|x86.ActiveCfg = Release|Any CPU
		{10895B0D-588D-470C-B129-67883BD384B3}.Release|x86.Build.0 = Release|Any CPU
		{10895B0D-588D-470C-B129-67883BD384B3}.WP_Release|Any CPU.ActiveCfg = Debug|Any CPU
		{10895B0D-588D-470C-B129-67883BD384B3}.WP_Release|Any CPU.Build.0 = Debug|Any CPU
		{10895B0D-588D-470C-B129-67883BD384B3}.WP_Release|ARM.ActiveCfg = Debug|Any CPU
		{10895B0D-588D-470C-B129-67883BD384B3}.WP_Release|ARM.Build.0 = Debug|Any CPU
		{10895B0D-588D-470C-B129-67883BD384B3}.WP_Release|Mixed Platforms.ActiveCfg = Debug|Any CPU
		{10895B0D-588D-470C-B129-67883BD384B3}.WP_Release|Mixed Platforms.Build.0 = Debug|Any CPU
		{10895B0D-588D-470C-B129-67883BD384B3}.WP_Release|x86.ActiveCfg = Debug|Any CPU
		{10895B0D-588D-470C-B129-67883BD384B3}.WP_Release|x86.Build.0 = Debug|Any CPU
		{10895B0D-588D-470C-B129-67883BD384B3}.WP8|Any CPU.ActiveCfg = Debug|Any CPU
		{10895B0D-588D-470C-B129-67883BD384B3}.WP8|Any CPU.Build.0 = Debug|Any CPU
		{10895B0D-588D-470C-B129-67883BD384B3}.WP8|ARM.ActiveCfg = Debug|Any CPU
		{10895B0D-588D-470C-B129-67883BD384B3}.WP8|ARM.Build.0 = Debug|Any CPU
		{10895B0D-588D-470C-B129-67883BD384B3}.WP8|Mixed Platforms.ActiveCfg = Debug|Any CPU
		{10895B0D-588D-470C-B129-67883BD384B3}.WP8|Mixed Platforms.Build.0 = Debug|Any CPU
		{10895B0D-588D-470C-B129-67883BD384B3}.WP8|x86.ActiveCfg = Debug|Any CPU
		{10895B0D-588D-470C-B129-67883BD384B3}.WP8|x86.Build.0 = Debug|Any CPU
		{10895B0D-588D-470C-B129-67883BD384B3}.UNITY|Any CPU.ActiveCfg = Debug|Any CPU
		{10895B0D-588D-470C-B129-67883BD384B3}.UNITY|Any CPU.Build.0 = Debug|Any CPU
		{10895B0D-588D-470C-B129-67883BD384B3}.UNITY|ARM.ActiveCfg = Debug|Any CPU
		{10895B0D-588D-470C-B129-67883BD384B3}.UNITY|ARM.Build.0 = Debug|Any CPU
		{10895B0D-588D-470C-B129-67883BD384B3}.UNITY|Mixed Platforms.ActiveCfg = Debug|Any CPU
		{10895B0D-588D-470C-B129-67883BD384B3}.UNITY|Mixed Platforms.Build.0 = Debug|Any CPU
		{10895B0D-588D-470C-B129-67883BD384B3}.UNITY|x86.ActiveCfg = Debug|Any CPU
		{10895B0D-588D-470C-B129-67883BD384B3}.UNITY|x86.Build.0 = Debug|Any CPU
		{6D611981-64CC-45B3-9AE9-DF7165105DE6}.Debug|Any CPU.ActiveCfg = Debug|Any CPU
		{6D611981-64CC-45B3-9AE9-DF7165105DE6}.Debug|Any CPU.Build.0 = Debug|Any CPU
		{6D611981-64CC-45B3-9AE9-DF7165105DE6}.Debug|ARM.ActiveCfg = Debug|Any CPU
		{6D611981-64CC-45B3-9AE9-DF7165105DE6}.Debug|ARM.Build.0 = Debug|Any CPU
		{6D611981-64CC-45B3-9AE9-DF7165105DE6}.Debug|Mixed Platforms.ActiveCfg = Debug|Any CPU
		{6D611981-64CC-45B3-9AE9-DF7165105DE6}.Debug|Mixed Platforms.Build.0 = Debug|Any CPU
		{6D611981-64CC-45B3-9AE9-DF7165105DE6}.Debug|x86.ActiveCfg = Debug|Any CPU
		{6D611981-64CC-45B3-9AE9-DF7165105DE6}.Debug|x86.Build.0 = Debug|Any CPU
		{6D611981-64CC-45B3-9AE9-DF7165105DE6}.NET_20_DEBUG|Any CPU.ActiveCfg = Debug|Any CPU
		{6D611981-64CC-45B3-9AE9-DF7165105DE6}.NET_20_DEBUG|Any CPU.Build.0 = Debug|Any CPU
		{6D611981-64CC-45B3-9AE9-DF7165105DE6}.NET_20_DEBUG|ARM.ActiveCfg = Debug|Any CPU
		{6D611981-64CC-45B3-9AE9-DF7165105DE6}.NET_20_DEBUG|ARM.Build.0 = Debug|Any CPU
		{6D611981-64CC-45B3-9AE9-DF7165105DE6}.NET_20_DEBUG|Mixed Platforms.ActiveCfg = Debug|Any CPU
		{6D611981-64CC-45B3-9AE9-DF7165105DE6}.NET_20_DEBUG|Mixed Platforms.Build.0 = Debug|Any CPU
		{6D611981-64CC-45B3-9AE9-DF7165105DE6}.NET_20_DEBUG|x86.ActiveCfg = Debug|Any CPU
		{6D611981-64CC-45B3-9AE9-DF7165105DE6}.NET_20_DEBUG|x86.Build.0 = Debug|Any CPU
		{6D611981-64CC-45B3-9AE9-DF7165105DE6}.NET_20_RELEASE|Any CPU.ActiveCfg = Debug|Any CPU
		{6D611981-64CC-45B3-9AE9-DF7165105DE6}.NET_20_RELEASE|Any CPU.Build.0 = Debug|Any CPU
		{6D611981-64CC-45B3-9AE9-DF7165105DE6}.NET_20_RELEASE|ARM.ActiveCfg = Debug|Any CPU
		{6D611981-64CC-45B3-9AE9-DF7165105DE6}.NET_20_RELEASE|ARM.Build.0 = Debug|Any CPU
		{6D611981-64CC-45B3-9AE9-DF7165105DE6}.NET_20_RELEASE|Mixed Platforms.ActiveCfg = Debug|Any CPU
		{6D611981-64CC-45B3-9AE9-DF7165105DE6}.NET_20_RELEASE|Mixed Platforms.Build.0 = Debug|Any CPU
		{6D611981-64CC-45B3-9AE9-DF7165105DE6}.NET_20_RELEASE|x86.ActiveCfg = Debug|Any CPU
		{6D611981-64CC-45B3-9AE9-DF7165105DE6}.NET_20_RELEASE|x86.Build.0 = Debug|Any CPU
		{6D611981-64CC-45B3-9AE9-DF7165105DE6}.NET_35_DEBUG|Any CPU.ActiveCfg = Debug|Any CPU
		{6D611981-64CC-45B3-9AE9-DF7165105DE6}.NET_35_DEBUG|Any CPU.Build.0 = Debug|Any CPU
		{6D611981-64CC-45B3-9AE9-DF7165105DE6}.NET_35_DEBUG|ARM.ActiveCfg = Debug|Any CPU
		{6D611981-64CC-45B3-9AE9-DF7165105DE6}.NET_35_DEBUG|ARM.Build.0 = Debug|Any CPU
		{6D611981-64CC-45B3-9AE9-DF7165105DE6}.NET_35_DEBUG|Mixed Platforms.ActiveCfg = Debug|Any CPU
		{6D611981-64CC-45B3-9AE9-DF7165105DE6}.NET_35_DEBUG|Mixed Platforms.Build.0 = Debug|Any CPU
		{6D611981-64CC-45B3-9AE9-DF7165105DE6}.NET_35_DEBUG|x86.ActiveCfg = Debug|Any CPU
		{6D611981-64CC-45B3-9AE9-DF7165105DE6}.NET_35_DEBUG|x86.Build.0 = Debug|Any CPU
		{6D611981-64CC-45B3-9AE9-DF7165105DE6}.NET_35_RELEASE|Any CPU.ActiveCfg = Debug|Any CPU
		{6D611981-64CC-45B3-9AE9-DF7165105DE6}.NET_35_RELEASE|Any CPU.Build.0 = Debug|Any CPU
		{6D611981-64CC-45B3-9AE9-DF7165105DE6}.NET_35_RELEASE|ARM.ActiveCfg = Debug|Any CPU
		{6D611981-64CC-45B3-9AE9-DF7165105DE6}.NET_35_RELEASE|ARM.Build.0 = Debug|Any CPU
		{6D611981-64CC-45B3-9AE9-DF7165105DE6}.NET_35_RELEASE|Mixed Platforms.ActiveCfg = Debug|Any CPU
		{6D611981-64CC-45B3-9AE9-DF7165105DE6}.NET_35_RELEASE|Mixed Platforms.Build.0 = Debug|Any CPU
		{6D611981-64CC-45B3-9AE9-DF7165105DE6}.NET_35_RELEASE|x86.ActiveCfg = Debug|Any CPU
		{6D611981-64CC-45B3-9AE9-DF7165105DE6}.NET_35_RELEASE|x86.Build.0 = Debug|Any CPU
		{6D611981-64CC-45B3-9AE9-DF7165105DE6}.NET_40_DEBUG|Any CPU.ActiveCfg = Debug|Any CPU
		{6D611981-64CC-45B3-9AE9-DF7165105DE6}.NET_40_DEBUG|Any CPU.Build.0 = Debug|Any CPU
		{6D611981-64CC-45B3-9AE9-DF7165105DE6}.NET_40_DEBUG|ARM.ActiveCfg = Debug|Any CPU
		{6D611981-64CC-45B3-9AE9-DF7165105DE6}.NET_40_DEBUG|ARM.Build.0 = Debug|Any CPU
		{6D611981-64CC-45B3-9AE9-DF7165105DE6}.NET_40_DEBUG|Mixed Platforms.ActiveCfg = Debug|Any CPU
		{6D611981-64CC-45B3-9AE9-DF7165105DE6}.NET_40_DEBUG|Mixed Platforms.Build.0 = Debug|Any CPU
		{6D611981-64CC-45B3-9AE9-DF7165105DE6}.NET_40_DEBUG|x86.ActiveCfg = Debug|Any CPU
		{6D611981-64CC-45B3-9AE9-DF7165105DE6}.NET_40_DEBUG|x86.Build.0 = Debug|Any CPU
		{6D611981-64CC-45B3-9AE9-DF7165105DE6}.NET_40_RELEASE|Any CPU.ActiveCfg = Debug|Any CPU
		{6D611981-64CC-45B3-9AE9-DF7165105DE6}.NET_40_RELEASE|Any CPU.Build.0 = Debug|Any CPU
		{6D611981-64CC-45B3-9AE9-DF7165105DE6}.NET_40_RELEASE|ARM.ActiveCfg = Debug|Any CPU
		{6D611981-64CC-45B3-9AE9-DF7165105DE6}.NET_40_RELEASE|ARM.Build.0 = Debug|Any CPU
		{6D611981-64CC-45B3-9AE9-DF7165105DE6}.NET_40_RELEASE|Mixed Platforms.ActiveCfg = Debug|Any CPU
		{6D611981-64CC-45B3-9AE9-DF7165105DE6}.NET_40_RELEASE|Mixed Platforms.Build.0 = Debug|Any CPU
		{6D611981-64CC-45B3-9AE9-DF7165105DE6}.NET_40_RELEASE|x86.ActiveCfg = Debug|Any CPU
		{6D611981-64CC-45B3-9AE9-DF7165105DE6}.NET_40_RELEASE|x86.Build.0 = Debug|Any CPU
		{6D611981-64CC-45B3-9AE9-DF7165105DE6}.NET_45_DEBUG|Any CPU.ActiveCfg = Debug|Any CPU
		{6D611981-64CC-45B3-9AE9-DF7165105DE6}.NET_45_DEBUG|Any CPU.Build.0 = Debug|Any CPU
		{6D611981-64CC-45B3-9AE9-DF7165105DE6}.NET_45_DEBUG|ARM.ActiveCfg = Debug|Any CPU
		{6D611981-64CC-45B3-9AE9-DF7165105DE6}.NET_45_DEBUG|ARM.Build.0 = Debug|Any CPU
		{6D611981-64CC-45B3-9AE9-DF7165105DE6}.NET_45_DEBUG|Mixed Platforms.ActiveCfg = Debug|Any CPU
		{6D611981-64CC-45B3-9AE9-DF7165105DE6}.NET_45_DEBUG|Mixed Platforms.Build.0 = Debug|Any CPU
		{6D611981-64CC-45B3-9AE9-DF7165105DE6}.NET_45_DEBUG|x86.ActiveCfg = Debug|Any CPU
		{6D611981-64CC-45B3-9AE9-DF7165105DE6}.NET_45_DEBUG|x86.Build.0 = Debug|Any CPU
		{6D611981-64CC-45B3-9AE9-DF7165105DE6}.NET_45_RELEASE|Any CPU.ActiveCfg = Debug|Any CPU
		{6D611981-64CC-45B3-9AE9-DF7165105DE6}.NET_45_RELEASE|Any CPU.Build.0 = Debug|Any CPU
		{6D611981-64CC-45B3-9AE9-DF7165105DE6}.NET_45_RELEASE|ARM.ActiveCfg = Debug|Any CPU
		{6D611981-64CC-45B3-9AE9-DF7165105DE6}.NET_45_RELEASE|ARM.Build.0 = Debug|Any CPU
		{6D611981-64CC-45B3-9AE9-DF7165105DE6}.NET_45_RELEASE|Mixed Platforms.ActiveCfg = Debug|Any CPU
		{6D611981-64CC-45B3-9AE9-DF7165105DE6}.NET_45_RELEASE|Mixed Platforms.Build.0 = Debug|Any CPU
		{6D611981-64CC-45B3-9AE9-DF7165105DE6}.NET_45_RELEASE|x86.ActiveCfg = Debug|Any CPU
		{6D611981-64CC-45B3-9AE9-DF7165105DE6}.NET_45_RELEASE|x86.Build.0 = Debug|Any CPU
		{6D611981-64CC-45B3-9AE9-DF7165105DE6}.Release|Any CPU.ActiveCfg = Release|Any CPU
		{6D611981-64CC-45B3-9AE9-DF7165105DE6}.Release|Any CPU.Build.0 = Release|Any CPU
		{6D611981-64CC-45B3-9AE9-DF7165105DE6}.Release|ARM.ActiveCfg = Release|Any CPU
		{6D611981-64CC-45B3-9AE9-DF7165105DE6}.Release|ARM.Build.0 = Release|Any CPU
		{6D611981-64CC-45B3-9AE9-DF7165105DE6}.Release|Mixed Platforms.ActiveCfg = Release|Any CPU
		{6D611981-64CC-45B3-9AE9-DF7165105DE6}.Release|Mixed Platforms.Build.0 = Release|Any CPU
		{6D611981-64CC-45B3-9AE9-DF7165105DE6}.Release|x86.ActiveCfg = Release|Any CPU
		{6D611981-64CC-45B3-9AE9-DF7165105DE6}.Release|x86.Build.0 = Release|Any CPU
		{6D611981-64CC-45B3-9AE9-DF7165105DE6}.WP_Release|Any CPU.ActiveCfg = Debug|Any CPU
		{6D611981-64CC-45B3-9AE9-DF7165105DE6}.WP_Release|Any CPU.Build.0 = Debug|Any CPU
		{6D611981-64CC-45B3-9AE9-DF7165105DE6}.WP_Release|ARM.ActiveCfg = Debug|Any CPU
		{6D611981-64CC-45B3-9AE9-DF7165105DE6}.WP_Release|ARM.Build.0 = Debug|Any CPU
		{6D611981-64CC-45B3-9AE9-DF7165105DE6}.WP_Release|Mixed Platforms.ActiveCfg = Debug|Any CPU
		{6D611981-64CC-45B3-9AE9-DF7165105DE6}.WP_Release|Mixed Platforms.Build.0 = Debug|Any CPU
		{6D611981-64CC-45B3-9AE9-DF7165105DE6}.WP_Release|x86.ActiveCfg = Debug|Any CPU
		{6D611981-64CC-45B3-9AE9-DF7165105DE6}.WP_Release|x86.Build.0 = Debug|Any CPU
		{6D611981-64CC-45B3-9AE9-DF7165105DE6}.WP8|Any CPU.ActiveCfg = Debug|Any CPU
		{6D611981-64CC-45B3-9AE9-DF7165105DE6}.WP8|Any CPU.Build.0 = Debug|Any CPU
		{6D611981-64CC-45B3-9AE9-DF7165105DE6}.WP8|ARM.ActiveCfg = Debug|Any CPU
		{6D611981-64CC-45B3-9AE9-DF7165105DE6}.WP8|ARM.Build.0 = Debug|Any CPU
		{6D611981-64CC-45B3-9AE9-DF7165105DE6}.WP8|Mixed Platforms.ActiveCfg = Debug|Any CPU
		{6D611981-64CC-45B3-9AE9-DF7165105DE6}.WP8|Mixed Platforms.Build.0 = Debug|Any CPU
		{6D611981-64CC-45B3-9AE9-DF7165105DE6}.WP8|x86.ActiveCfg = Debug|Any CPU
		{6D611981-64CC-45B3-9AE9-DF7165105DE6}.WP8|x86.Build.0 = Debug|Any CPU
		{6D611981-64CC-45B3-9AE9-DF7165105DE6}.UNITY|Any CPU.ActiveCfg = Debug|Any CPU
		{6D611981-64CC-45B3-9AE9-DF7165105DE6}.UNITY|Any CPU.Build.0 = Debug|Any CPU
		{6D611981-64CC-45B3-9AE9-DF7165105DE6}.UNITY|ARM.ActiveCfg = Debug|Any CPU
		{6D611981-64CC-45B3-9AE9-DF7165105DE6}.UNITY|ARM.Build.0 = Debug|Any CPU
		{6D611981-64CC-45B3-9AE9-DF7165105DE6}.UNITY|Mixed Platforms.ActiveCfg = Debug|Any CPU
		{6D611981-64CC-45B3-9AE9-DF7165105DE6}.UNITY|Mixed Platforms.Build.0 = Debug|Any CPU
		{6D611981-64CC-45B3-9AE9-DF7165105DE6}.UNITY|x86.ActiveCfg = Debug|Any CPU
		{6D611981-64CC-45B3-9AE9-DF7165105DE6}.UNITY|x86.Build.0 = Debug|Any CPU
		{0FDDA6B0-DE26-4E4E-B1D3-F98E66B6CC37}.Debug|Any CPU.ActiveCfg = Debug|Any CPU
		{0FDDA6B0-DE26-4E4E-B1D3-F98E66B6CC37}.Debug|Any CPU.Build.0 = Debug|Any CPU
		{0FDDA6B0-DE26-4E4E-B1D3-F98E66B6CC37}.Debug|ARM.ActiveCfg = Debug|Any CPU
		{0FDDA6B0-DE26-4E4E-B1D3-F98E66B6CC37}.Debug|ARM.Build.0 = Debug|Any CPU
		{0FDDA6B0-DE26-4E4E-B1D3-F98E66B6CC37}.Debug|Mixed Platforms.ActiveCfg = Debug|Any CPU
		{0FDDA6B0-DE26-4E4E-B1D3-F98E66B6CC37}.Debug|Mixed Platforms.Build.0 = Debug|Any CPU
		{0FDDA6B0-DE26-4E4E-B1D3-F98E66B6CC37}.Debug|x86.ActiveCfg = Debug|Any CPU
		{0FDDA6B0-DE26-4E4E-B1D3-F98E66B6CC37}.Debug|x86.Build.0 = Debug|Any CPU
		{0FDDA6B0-DE26-4E4E-B1D3-F98E66B6CC37}.NET_20_DEBUG|Any CPU.ActiveCfg = Debug|Any CPU
		{0FDDA6B0-DE26-4E4E-B1D3-F98E66B6CC37}.NET_20_DEBUG|Any CPU.Build.0 = Debug|Any CPU
		{0FDDA6B0-DE26-4E4E-B1D3-F98E66B6CC37}.NET_20_DEBUG|ARM.ActiveCfg = Debug|Any CPU
		{0FDDA6B0-DE26-4E4E-B1D3-F98E66B6CC37}.NET_20_DEBUG|ARM.Build.0 = Debug|Any CPU
		{0FDDA6B0-DE26-4E4E-B1D3-F98E66B6CC37}.NET_20_DEBUG|Mixed Platforms.ActiveCfg = Debug|Any CPU
		{0FDDA6B0-DE26-4E4E-B1D3-F98E66B6CC37}.NET_20_DEBUG|Mixed Platforms.Build.0 = Debug|Any CPU
		{0FDDA6B0-DE26-4E4E-B1D3-F98E66B6CC37}.NET_20_DEBUG|x86.ActiveCfg = Debug|Any CPU
		{0FDDA6B0-DE26-4E4E-B1D3-F98E66B6CC37}.NET_20_DEBUG|x86.Build.0 = Debug|Any CPU
		{0FDDA6B0-DE26-4E4E-B1D3-F98E66B6CC37}.NET_20_RELEASE|Any CPU.ActiveCfg = Debug|Any CPU
		{0FDDA6B0-DE26-4E4E-B1D3-F98E66B6CC37}.NET_20_RELEASE|Any CPU.Build.0 = Debug|Any CPU
		{0FDDA6B0-DE26-4E4E-B1D3-F98E66B6CC37}.NET_20_RELEASE|ARM.ActiveCfg = Debug|Any CPU
		{0FDDA6B0-DE26-4E4E-B1D3-F98E66B6CC37}.NET_20_RELEASE|ARM.Build.0 = Debug|Any CPU
		{0FDDA6B0-DE26-4E4E-B1D3-F98E66B6CC37}.NET_20_RELEASE|Mixed Platforms.ActiveCfg = Debug|Any CPU
		{0FDDA6B0-DE26-4E4E-B1D3-F98E66B6CC37}.NET_20_RELEASE|Mixed Platforms.Build.0 = Debug|Any CPU
		{0FDDA6B0-DE26-4E4E-B1D3-F98E66B6CC37}.NET_20_RELEASE|x86.ActiveCfg = Debug|Any CPU
		{0FDDA6B0-DE26-4E4E-B1D3-F98E66B6CC37}.NET_20_RELEASE|x86.Build.0 = Debug|Any CPU
		{0FDDA6B0-DE26-4E4E-B1D3-F98E66B6CC37}.NET_35_DEBUG|Any CPU.ActiveCfg = Debug|Any CPU
		{0FDDA6B0-DE26-4E4E-B1D3-F98E66B6CC37}.NET_35_DEBUG|Any CPU.Build.0 = Debug|Any CPU
		{0FDDA6B0-DE26-4E4E-B1D3-F98E66B6CC37}.NET_35_DEBUG|ARM.ActiveCfg = Debug|Any CPU
		{0FDDA6B0-DE26-4E4E-B1D3-F98E66B6CC37}.NET_35_DEBUG|ARM.Build.0 = Debug|Any CPU
		{0FDDA6B0-DE26-4E4E-B1D3-F98E66B6CC37}.NET_35_DEBUG|Mixed Platforms.ActiveCfg = Debug|Any CPU
		{0FDDA6B0-DE26-4E4E-B1D3-F98E66B6CC37}.NET_35_DEBUG|Mixed Platforms.Build.0 = Debug|Any CPU
		{0FDDA6B0-DE26-4E4E-B1D3-F98E66B6CC37}.NET_35_DEBUG|x86.ActiveCfg = Debug|Any CPU
		{0FDDA6B0-DE26-4E4E-B1D3-F98E66B6CC37}.NET_35_DEBUG|x86.Build.0 = Debug|Any CPU
		{0FDDA6B0-DE26-4E4E-B1D3-F98E66B6CC37}.NET_35_RELEASE|Any CPU.ActiveCfg = Debug|Any CPU
		{0FDDA6B0-DE26-4E4E-B1D3-F98E66B6CC37}.NET_35_RELEASE|Any CPU.Build.0 = Debug|Any CPU
		{0FDDA6B0-DE26-4E4E-B1D3-F98E66B6CC37}.NET_35_RELEASE|ARM.ActiveCfg = Debug|Any CPU
		{0FDDA6B0-DE26-4E4E-B1D3-F98E66B6CC37}.NET_35_RELEASE|ARM.Build.0 = Debug|Any CPU
		{0FDDA6B0-DE26-4E4E-B1D3-F98E66B6CC37}.NET_35_RELEASE|Mixed Platforms.ActiveCfg = Debug|Any CPU
		{0FDDA6B0-DE26-4E4E-B1D3-F98E66B6CC37}.NET_35_RELEASE|Mixed Platforms.Build.0 = Debug|Any CPU
		{0FDDA6B0-DE26-4E4E-B1D3-F98E66B6CC37}.NET_35_RELEASE|x86.ActiveCfg = Debug|Any CPU
		{0FDDA6B0-DE26-4E4E-B1D3-F98E66B6CC37}.NET_35_RELEASE|x86.Build.0 = Debug|Any CPU
		{0FDDA6B0-DE26-4E4E-B1D3-F98E66B6CC37}.NET_40_DEBUG|Any CPU.ActiveCfg = Debug|Any CPU
		{0FDDA6B0-DE26-4E4E-B1D3-F98E66B6CC37}.NET_40_DEBUG|Any CPU.Build.0 = Debug|Any CPU
		{0FDDA6B0-DE26-4E4E-B1D3-F98E66B6CC37}.NET_40_DEBUG|ARM.ActiveCfg = Debug|Any CPU
		{0FDDA6B0-DE26-4E4E-B1D3-F98E66B6CC37}.NET_40_DEBUG|ARM.Build.0 = Debug|Any CPU
		{0FDDA6B0-DE26-4E4E-B1D3-F98E66B6CC37}.NET_40_DEBUG|Mixed Platforms.ActiveCfg = Debug|Any CPU
		{0FDDA6B0-DE26-4E4E-B1D3-F98E66B6CC37}.NET_40_DEBUG|Mixed Platforms.Build.0 = Debug|Any CPU
		{0FDDA6B0-DE26-4E4E-B1D3-F98E66B6CC37}.NET_40_DEBUG|x86.ActiveCfg = Debug|Any CPU
		{0FDDA6B0-DE26-4E4E-B1D3-F98E66B6CC37}.NET_40_DEBUG|x86.Build.0 = Debug|Any CPU
		{0FDDA6B0-DE26-4E4E-B1D3-F98E66B6CC37}.NET_40_RELEASE|Any CPU.ActiveCfg = Debug|Any CPU
		{0FDDA6B0-DE26-4E4E-B1D3-F98E66B6CC37}.NET_40_RELEASE|Any CPU.Build.0 = Debug|Any CPU
		{0FDDA6B0-DE26-4E4E-B1D3-F98E66B6CC37}.NET_40_RELEASE|ARM.ActiveCfg = Debug|Any CPU
		{0FDDA6B0-DE26-4E4E-B1D3-F98E66B6CC37}.NET_40_RELEASE|ARM.Build.0 = Debug|Any CPU
		{0FDDA6B0-DE26-4E4E-B1D3-F98E66B6CC37}.NET_40_RELEASE|Mixed Platforms.ActiveCfg = Debug|Any CPU
		{0FDDA6B0-DE26-4E4E-B1D3-F98E66B6CC37}.NET_40_RELEASE|Mixed Platforms.Build.0 = Debug|Any CPU
		{0FDDA6B0-DE26-4E4E-B1D3-F98E66B6CC37}.NET_40_RELEASE|x86.ActiveCfg = Debug|Any CPU
		{0FDDA6B0-DE26-4E4E-B1D3-F98E66B6CC37}.NET_40_RELEASE|x86.Build.0 = Debug|Any CPU
		{0FDDA6B0-DE26-4E4E-B1D3-F98E66B6CC37}.NET_45_DEBUG|Any CPU.ActiveCfg = Debug|Any CPU
		{0FDDA6B0-DE26-4E4E-B1D3-F98E66B6CC37}.NET_45_DEBUG|Any CPU.Build.0 = Debug|Any CPU
		{0FDDA6B0-DE26-4E4E-B1D3-F98E66B6CC37}.NET_45_DEBUG|ARM.ActiveCfg = Debug|Any CPU
		{0FDDA6B0-DE26-4E4E-B1D3-F98E66B6CC37}.NET_45_DEBUG|ARM.Build.0 = Debug|Any CPU
		{0FDDA6B0-DE26-4E4E-B1D3-F98E66B6CC37}.NET_45_DEBUG|Mixed Platforms.ActiveCfg = Debug|Any CPU
		{0FDDA6B0-DE26-4E4E-B1D3-F98E66B6CC37}.NET_45_DEBUG|Mixed Platforms.Build.0 = Debug|Any CPU
		{0FDDA6B0-DE26-4E4E-B1D3-F98E66B6CC37}.NET_45_DEBUG|x86.ActiveCfg = Debug|Any CPU
		{0FDDA6B0-DE26-4E4E-B1D3-F98E66B6CC37}.NET_45_DEBUG|x86.Build.0 = Debug|Any CPU
		{0FDDA6B0-DE26-4E4E-B1D3-F98E66B6CC37}.NET_45_RELEASE|Any CPU.ActiveCfg = Debug|Any CPU
		{0FDDA6B0-DE26-4E4E-B1D3-F98E66B6CC37}.NET_45_RELEASE|Any CPU.Build.0 = Debug|Any CPU
		{0FDDA6B0-DE26-4E4E-B1D3-F98E66B6CC37}.NET_45_RELEASE|ARM.ActiveCfg = Debug|Any CPU
		{0FDDA6B0-DE26-4E4E-B1D3-F98E66B6CC37}.NET_45_RELEASE|ARM.Build.0 = Debug|Any CPU
		{0FDDA6B0-DE26-4E4E-B1D3-F98E66B6CC37}.NET_45_RELEASE|Mixed Platforms.ActiveCfg = Debug|Any CPU
		{0FDDA6B0-DE26-4E4E-B1D3-F98E66B6CC37}.NET_45_RELEASE|Mixed Platforms.Build.0 = Debug|Any CPU
		{0FDDA6B0-DE26-4E4E-B1D3-F98E66B6CC37}.NET_45_RELEASE|x86.ActiveCfg = Debug|Any CPU
		{0FDDA6B0-DE26-4E4E-B1D3-F98E66B6CC37}.NET_45_RELEASE|x86.Build.0 = Debug|Any CPU
		{0FDDA6B0-DE26-4E4E-B1D3-F98E66B6CC37}.Release|Any CPU.ActiveCfg = Release|Any CPU
		{0FDDA6B0-DE26-4E4E-B1D3-F98E66B6CC37}.Release|Any CPU.Build.0 = Release|Any CPU
		{0FDDA6B0-DE26-4E4E-B1D3-F98E66B6CC37}.Release|ARM.ActiveCfg = Release|Any CPU
		{0FDDA6B0-DE26-4E4E-B1D3-F98E66B6CC37}.Release|ARM.Build.0 = Release|Any CPU
		{0FDDA6B0-DE26-4E4E-B1D3-F98E66B6CC37}.Release|Mixed Platforms.ActiveCfg = Release|Any CPU
		{0FDDA6B0-DE26-4E4E-B1D3-F98E66B6CC37}.Release|Mixed Platforms.Build.0 = Release|Any CPU
		{0FDDA6B0-DE26-4E4E-B1D3-F98E66B6CC37}.Release|x86.ActiveCfg = Release|Any CPU
		{0FDDA6B0-DE26-4E4E-B1D3-F98E66B6CC37}.Release|x86.Build.0 = Release|Any CPU
		{0FDDA6B0-DE26-4E4E-B1D3-F98E66B6CC37}.WP_Release|Any CPU.ActiveCfg = Debug|Any CPU
		{0FDDA6B0-DE26-4E4E-B1D3-F98E66B6CC37}.WP_Release|Any CPU.Build.0 = Debug|Any CPU
		{0FDDA6B0-DE26-4E4E-B1D3-F98E66B6CC37}.WP_Release|ARM.ActiveCfg = Debug|Any CPU
		{0FDDA6B0-DE26-4E4E-B1D3-F98E66B6CC37}.WP_Release|ARM.Build.0 = Debug|Any CPU
		{0FDDA6B0-DE26-4E4E-B1D3-F98E66B6CC37}.WP_Release|Mixed Platforms.ActiveCfg = Debug|Any CPU
		{0FDDA6B0-DE26-4E4E-B1D3-F98E66B6CC37}.WP_Release|Mixed Platforms.Build.0 = Debug|Any CPU
		{0FDDA6B0-DE26-4E4E-B1D3-F98E66B6CC37}.WP_Release|x86.ActiveCfg = Debug|Any CPU
		{0FDDA6B0-DE26-4E4E-B1D3-F98E66B6CC37}.WP_Release|x86.Build.0 = Debug|Any CPU
		{0FDDA6B0-DE26-4E4E-B1D3-F98E66B6CC37}.WP8|Any CPU.ActiveCfg = Debug|Any CPU
		{0FDDA6B0-DE26-4E4E-B1D3-F98E66B6CC37}.WP8|Any CPU.Build.0 = Debug|Any CPU
		{0FDDA6B0-DE26-4E4E-B1D3-F98E66B6CC37}.WP8|ARM.ActiveCfg = Debug|Any CPU
		{0FDDA6B0-DE26-4E4E-B1D3-F98E66B6CC37}.WP8|ARM.Build.0 = Debug|Any CPU
		{0FDDA6B0-DE26-4E4E-B1D3-F98E66B6CC37}.WP8|Mixed Platforms.ActiveCfg = Debug|Any CPU
		{0FDDA6B0-DE26-4E4E-B1D3-F98E66B6CC37}.WP8|Mixed Platforms.Build.0 = Debug|Any CPU
		{0FDDA6B0-DE26-4E4E-B1D3-F98E66B6CC37}.WP8|x86.ActiveCfg = Debug|Any CPU
		{0FDDA6B0-DE26-4E4E-B1D3-F98E66B6CC37}.WP8|x86.Build.0 = Debug|Any CPU
		{0FDDA6B0-DE26-4E4E-B1D3-F98E66B6CC37}.UNITY|Any CPU.ActiveCfg = Debug|Any CPU
		{0FDDA6B0-DE26-4E4E-B1D3-F98E66B6CC37}.UNITY|Any CPU.Build.0 = Debug|Any CPU
		{0FDDA6B0-DE26-4E4E-B1D3-F98E66B6CC37}.UNITY|ARM.ActiveCfg = Debug|Any CPU
		{0FDDA6B0-DE26-4E4E-B1D3-F98E66B6CC37}.UNITY|ARM.Build.0 = Debug|Any CPU
		{0FDDA6B0-DE26-4E4E-B1D3-F98E66B6CC37}.UNITY|Mixed Platforms.ActiveCfg = Debug|Any CPU
		{0FDDA6B0-DE26-4E4E-B1D3-F98E66B6CC37}.UNITY|Mixed Platforms.Build.0 = Debug|Any CPU
		{0FDDA6B0-DE26-4E4E-B1D3-F98E66B6CC37}.UNITY|x86.ActiveCfg = Debug|Any CPU
		{0FDDA6B0-DE26-4E4E-B1D3-F98E66B6CC37}.UNITY|x86.Build.0 = Debug|Any CPU
	EndGlobalSection
	GlobalSection(SolutionProperties) = preSolution
		HideSolutionNode = FALSE
	EndGlobalSection
EndGlobal
