Microsoft Visual Studio Solution File, Format Version 12.00
# Visual Studio 2010
Project("{2150E333-8FDC-42A3-9474-1A3956D46DE8}") = "Solution Items", "Solution Items", "{71588E7D-8C52-41E7-9281-E3BCC5C0EF45}"
	ProjectSection(SolutionItems) = preProject
		Backendless.NET.vsmdi = Backendless.NET.vsmdi
		Local.testsettings = Local.testsettings
		TraceAndTestImpact.testsettings = TraceAndTestImpact.testsettings
	EndProjectSection
EndProject
Project("{FAE04EC0-301F-11D3-BF4B-00C04F79EFBC}") = "Backendless.NET", "Backendless\Backendless.NET.csproj", "{7C582FCA-1F66-4E53-93D6-0673B43B5160}"
EndProject
Project("{FAE04EC0-301F-11D3-BF4B-00C04F79EFBC}") = "Backendless.Test", "Backendless.Test\Backendless.Test.csproj", "{AC2B0944-2CB1-4224-AE27-0221E01ED5BE}"
EndProject
Project("{FAE04EC0-301F-11D3-BF4B-00C04F79EFBC}") = "ConsoleTest", "ConsoleTest\ConsoleTest.csproj", "{DDF01F28-A912-4DE8-9FBA-FB1D1EC66687}"
EndProject
Global
	GlobalSection(TestCaseManagementSettings) = postSolution
		CategoryFile = Backendless.NET.vsmdi
	EndGlobalSection
	GlobalSection(SolutionConfigurationPlatforms) = preSolution
		Debug|Any CPU = Debug|Any CPU
		Debug|ARM = Debug|ARM
		Debug|Mixed Platforms = Debug|Mixed Platforms
		Debug|x86 = Debug|x86
		NET_20_DEBUG|Any CPU = NET_20_DEBUG|Any CPU
		NET_20_DEBUG|ARM = NET_20_DEBUG|ARM
		NET_20_DEBUG|Mixed Platforms = NET_20_DEBUG|Mixed Platforms
		NET_20_DEBUG|x86 = NET_20_DEBUG|x86
		NET_20_RELEASE|Any CPU = NET_20_RELEASE|Any CPU
		NET_20_RELEASE|ARM = NET_20_RELEASE|ARM
		NET_20_RELEASE|Mixed Platforms = NET_20_RELEASE|Mixed Platforms
		NET_20_RELEASE|x86 = NET_20_RELEASE|x86
		NET_35_DEBUG|Any CPU = NET_35_DEBUG|Any CPU
		NET_35_DEBUG|ARM = NET_35_DEBUG|ARM
		NET_35_DEBUG|Mixed Platforms = NET_35_DEBUG|Mixed Platforms
		NET_35_DEBUG|x86 = NET_35_DEBUG|x86
		NET_35_RELEASE|Any CPU = NET_35_RELEASE|Any CPU
		NET_35_RELEASE|ARM = NET_35_RELEASE|ARM
		NET_35_RELEASE|Mixed Platforms = NET_35_RELEASE|Mixed Platforms
		NET_35_RELEASE|x86 = NET_35_RELEASE|x86
		NET_40_DEBUG|Any CPU = NET_40_DEBUG|Any CPU
		NET_40_DEBUG|ARM = NET_40_DEBUG|ARM
		NET_40_DEBUG|Mixed Platforms = NET_40_DEBUG|Mixed Platforms
		NET_40_DEBUG|x86 = NET_40_DEBUG|x86
		NET_40_RELEASE|Any CPU = NET_40_RELEASE|Any CPU
		NET_40_RELEASE|ARM = NET_40_RELEASE|ARM
		NET_40_RELEASE|Mixed Platforms = NET_40_RELEASE|Mixed Platforms
		NET_40_RELEASE|x86 = NET_40_RELEASE|x86
		NET_45_DEBUG|Any CPU = NET_45_DEBUG|Any CPU
		NET_45_DEBUG|ARM = NET_45_DEBUG|ARM
		NET_45_DEBUG|Mixed Platforms = NET_45_DEBUG|Mixed Platforms
		NET_45_DEBUG|x86 = NET_45_DEBUG|x86
		NET_45_RELEASE|Any CPU = NET_45_RELEASE|Any CPU
		NET_45_RELEASE|ARM = NET_45_RELEASE|ARM
		NET_45_RELEASE|Mixed Platforms = NET_45_RELEASE|Mixed Platforms
		NET_45_RELEASE|x86 = NET_45_RELEASE|x86
		Release|Any CPU = Release|Any CPU
		Release|ARM = Release|ARM
		Release|Mixed Platforms = Release|Mixed Platforms
		Release|x86 = Release|x86
		WP_Release|Any CPU = WP_Release|Any CPU
		WP_Release|ARM = WP_Release|ARM
		WP_Release|Mixed Platforms = WP_Release|Mixed Platforms
		WP_Release|x86 = WP_Release|x86
		WP8|Any CPU = WP8|Any CPU
		WP8|ARM = WP8|ARM
		WP8|Mixed Platforms = WP8|Mixed Platforms
		WP8|x86 = WP8|x86
		UNITY|Any CPU = UNITY|Any CPU
		UNITY|ARM = UNITY|ARM
		UNITY|Mixed Platforms = UNITY|Mixed Platforms
		UNITY|x86 = UNITY|x86
	EndGlobalSection
	GlobalSection(ProjectConfigurationPlatforms) = postSolution
		{7C582FCA-1F66-4E53-93D6-0673B43B5160}.Debug|Any CPU.ActiveCfg = Debug|Any CPU
		{7C582FCA-1F66-4E53-93D6-0673B43B5160}.Debug|Any CPU.Build.0 = Debug|Any CPU
		{7C582FCA-1F66-4E53-93D6-0673B43B5160}.Debug|ARM.ActiveCfg = Debug|Any CPU
		{7C582FCA-1F66-4E53-93D6-0673B43B5160}.Debug|Mixed Platforms.ActiveCfg = Debug|Any CPU
		{7C582FCA-1F66-4E53-93D6-0673B43B5160}.Debug|Mixed Platforms.Build.0 = Debug|Any CPU
		{7C582FCA-1F66-4E53-93D6-0673B43B5160}.Debug|x86.ActiveCfg = Debug|Any CPU
		{7C582FCA-1F66-4E53-93D6-0673B43B5160}.NET_20_DEBUG|Any CPU.ActiveCfg = NET_20_Debug|Any CPU
		{7C582FCA-1F66-4E53-93D6-0673B43B5160}.NET_20_DEBUG|Any CPU.Build.0 = NET_20_Debug|Any CPU
		{7C582FCA-1F66-4E53-93D6-0673B43B5160}.NET_20_DEBUG|ARM.ActiveCfg = NET_20_Debug|Any CPU
		{7C582FCA-1F66-4E53-93D6-0673B43B5160}.NET_20_DEBUG|Mixed Platforms.ActiveCfg = NET_20_Debug|Any CPU
		{7C582FCA-1F66-4E53-93D6-0673B43B5160}.NET_20_DEBUG|Mixed Platforms.Build.0 = NET_20_Debug|Any CPU
		{7C582FCA-1F66-4E53-93D6-0673B43B5160}.NET_20_DEBUG|x86.ActiveCfg = NET_20_Debug|Any CPU
		{7C582FCA-1F66-4E53-93D6-0673B43B5160}.NET_20_RELEASE|Any CPU.ActiveCfg = NET_20_Release|Any CPU
		{7C582FCA-1F66-4E53-93D6-0673B43B5160}.NET_20_RELEASE|Any CPU.Build.0 = NET_20_Release|Any CPU
		{7C582FCA-1F66-4E53-93D6-0673B43B5160}.NET_20_RELEASE|ARM.ActiveCfg = NET_20_Release|Any CPU
		{7C582FCA-1F66-4E53-93D6-0673B43B5160}.NET_20_RELEASE|Mixed Platforms.ActiveCfg = NET_20_Release|Any CPU
		{7C582FCA-1F66-4E53-93D6-0673B43B5160}.NET_20_RELEASE|Mixed Platforms.Build.0 = NET_20_Release|Any CPU
		{7C582FCA-1F66-4E53-93D6-0673B43B5160}.NET_20_RELEASE|x86.ActiveCfg = NET_20_Release|Any CPU
		{7C582FCA-1F66-4E53-93D6-0673B43B5160}.NET_35_DEBUG|Any CPU.ActiveCfg = NET_35_Debug|Any CPU
		{7C582FCA-1F66-4E53-93D6-0673B43B5160}.NET_35_DEBUG|Any CPU.Build.0 = NET_35_Debug|Any CPU
		{7C582FCA-1F66-4E53-93D6-0673B43B5160}.NET_35_DEBUG|ARM.ActiveCfg = NET_35_Debug|Any CPU
		{7C582FCA-1F66-4E53-93D6-0673B43B5160}.NET_35_DEBUG|Mixed Platforms.ActiveCfg = NET_35_Debug|Any CPU
		{7C582FCA-1F66-4E53-93D6-0673B43B5160}.NET_35_DEBUG|Mixed Platforms.Build.0 = NET_35_Debug|Any CPU
		{7C582FCA-1F66-4E53-93D6-0673B43B5160}.NET_35_DEBUG|x86.ActiveCfg = NET_35_Debug|Any CPU
		{7C582FCA-1F66-4E53-93D6-0673B43B5160}.NET_35_RELEASE|Any CPU.ActiveCfg = NET_35_Release|Any CPU
		{7C582FCA-1F66-4E53-93D6-0673B43B5160}.NET_35_RELEASE|Any CPU.Build.0 = NET_35_Release|Any CPU
		{7C582FCA-1F66-4E53-93D6-0673B43B5160}.NET_35_RELEASE|ARM.ActiveCfg = NET_35_Release|Any CPU
		{7C582FCA-1F66-4E53-93D6-0673B43B5160}.NET_35_RELEASE|Mixed Platforms.ActiveCfg = NET_35_Release|Any CPU
		{7C582FCA-1F66-4E53-93D6-0673B43B5160}.NET_35_RELEASE|Mixed Platforms.Build.0 = NET_35_Release|Any CPU
		{7C582FCA-1F66-4E53-93D6-0673B43B5160}.NET_35_RELEASE|x86.ActiveCfg = NET_35_Release|Any CPU
		{7C582FCA-1F66-4E53-93D6-0673B43B5160}.NET_40_DEBUG|Any CPU.ActiveCfg = NET_40_Debug|Any CPU
		{7C582FCA-1F66-4E53-93D6-0673B43B5160}.NET_40_DEBUG|Any CPU.Build.0 = NET_40_Debug|Any CPU
		{7C582FCA-1F66-4E53-93D6-0673B43B5160}.NET_40_DEBUG|ARM.ActiveCfg = NET_40_Debug|Any CPU
		{7C582FCA-1F66-4E53-93D6-0673B43B5160}.NET_40_DEBUG|Mixed Platforms.ActiveCfg = NET_40_Debug|Any CPU
		{7C582FCA-1F66-4E53-93D6-0673B43B5160}.NET_40_DEBUG|Mixed Platforms.Build.0 = NET_40_Debug|Any CPU
		{7C582FCA-1F66-4E53-93D6-0673B43B5160}.NET_40_DEBUG|x86.ActiveCfg = NET_40_Debug|Any CPU
		{7C582FCA-1F66-4E53-93D6-0673B43B5160}.NET_40_RELEASE|Any CPU.ActiveCfg = NET_40_Release|Any CPU
		{7C582FCA-1F66-4E53-93D6-0673B43B5160}.NET_40_RELEASE|Any CPU.Build.0 = NET_40_Release|Any CPU
		{7C582FCA-1F66-4E53-93D6-0673B43B5160}.NET_40_RELEASE|ARM.ActiveCfg = NET_40_Release|Any CPU
		{7C582FCA-1F66-4E53-93D6-0673B43B5160}.NET_40_RELEASE|Mixed Platforms.ActiveCfg = NET_40_Release|Any CPU
		{7C582FCA-1F66-4E53-93D6-0673B43B5160}.NET_40_RELEASE|Mixed Platforms.Build.0 = NET_40_Release|Any CPU
		{7C582FCA-1F66-4E53-93D6-0673B43B5160}.NET_40_RELEASE|x86.ActiveCfg = NET_40_Release|Any CPU
		{7C582FCA-1F66-4E53-93D6-0673B43B5160}.NET_45_DEBUG|Any CPU.ActiveCfg = NET_45_Debug|Any CPU
		{7C582FCA-1F66-4E53-93D6-0673B43B5160}.NET_45_DEBUG|Any CPU.Build.0 = NET_45_Debug|Any CPU
		{7C582FCA-1F66-4E53-93D6-0673B43B5160}.NET_45_DEBUG|ARM.ActiveCfg = NET_45_Debug|Any CPU
		{7C582FCA-1F66-4E53-93D6-0673B43B5160}.NET_45_DEBUG|Mixed Platforms.ActiveCfg = NET_45_Debug|Any CPU
		{7C582FCA-1F66-4E53-93D6-0673B43B5160}.NET_45_DEBUG|Mixed Platforms.Build.0 = NET_45_Debug|Any CPU
		{7C582FCA-1F66-4E53-93D6-0673B43B5160}.NET_45_DEBUG|x86.ActiveCfg = NET_45_Debug|Any CPU
		{7C582FCA-1F66-4E53-93D6-0673B43B5160}.NET_45_RELEASE|Any CPU.ActiveCfg = NET_45_Release|Any CPU
		{7C582FCA-1F66-4E53-93D6-0673B43B5160}.NET_45_RELEASE|Any CPU.Build.0 = NET_45_Release|Any CPU
		{7C582FCA-1F66-4E53-93D6-0673B43B5160}.NET_45_RELEASE|ARM.ActiveCfg = NET_45_Release|Any CPU
		{7C582FCA-1F66-4E53-93D6-0673B43B5160}.NET_45_RELEASE|Mixed Platforms.ActiveCfg = NET_45_Release|Any CPU
		{7C582FCA-1F66-4E53-93D6-0673B43B5160}.NET_45_RELEASE|Mixed Platforms.Build.0 = NET_45_Release|Any CPU
		{7C582FCA-1F66-4E53-93D6-0673B43B5160}.NET_45_RELEASE|x86.ActiveCfg = NET_45_Release|Any CPU
		{7C582FCA-1F66-4E53-93D6-0673B43B5160}.Release|Any CPU.ActiveCfg = Release|Any CPU
		{7C582FCA-1F66-4E53-93D6-0673B43B5160}.Release|Any CPU.Build.0 = Release|Any CPU
		{7C582FCA-1F66-4E53-93D6-0673B43B5160}.Release|ARM.ActiveCfg = Release|Any CPU
		{7C582FCA-1F66-4E53-93D6-0673B43B5160}.Release|Mixed Platforms.ActiveCfg = Release|Any CPU
		{7C582FCA-1F66-4E53-93D6-0673B43B5160}.Release|Mixed Platforms.Build.0 = Release|Any CPU
		{7C582FCA-1F66-4E53-93D6-0673B43B5160}.Release|x86.ActiveCfg = Release|Any CPU
		{7C582FCA-1F66-4E53-93D6-0673B43B5160}.WP_Release|Any CPU.ActiveCfg = WP_Release|Any CPU
		{7C582FCA-1F66-4E53-93D6-0673B43B5160}.WP_Release|Any CPU.Build.0 = WP_Release|Any CPU
		{7C582FCA-1F66-4E53-93D6-0673B43B5160}.WP_Release|ARM.ActiveCfg = WP_Release|Any CPU
		{7C582FCA-1F66-4E53-93D6-0673B43B5160}.WP_Release|Mixed Platforms.ActiveCfg = NET_20_Release|Any CPU
		{7C582FCA-1F66-4E53-93D6-0673B43B5160}.WP_Release|Mixed Platforms.Build.0 = NET_20_Release|Any CPU
		{7C582FCA-1F66-4E53-93D6-0673B43B5160}.WP_Release|x86.ActiveCfg = WP_Release|Any CPU
		{7C582FCA-1F66-4E53-93D6-0673B43B5160}.WP8|Any CPU.ActiveCfg = WP8|Any CPU
		{7C582FCA-1F66-4E53-93D6-0673B43B5160}.WP8|Any CPU.Build.0 = WP8|Any CPU
		{7C582FCA-1F66-4E53-93D6-0673B43B5160}.WP8|ARM.ActiveCfg = WP8|Any CPU
		{7C582FCA-1F66-4E53-93D6-0673B43B5160}.WP8|Mixed Platforms.ActiveCfg = WP8|Any CPU
		{7C582FCA-1F66-4E53-93D6-0673B43B5160}.WP8|Mixed Platforms.Build.0 = WP8|Any CPU
		{7C582FCA-1F66-4E53-93D6-0673B43B5160}.WP8|x86.ActiveCfg = WP8|Any CPU
		{7C582FCA-1F66-4E53-93D6-0673B43B5160}.UNITY|Any CPU.ActiveCfg = UNITY|Any CPU
		{7C582FCA-1F66-4E53-93D6-0673B43B5160}.UNITY|Any CPU.Build.0 = UNITY|Any CPU
		{7C582FCA-1F66-4E53-93D6-0673B43B5160}.UNITY|ARM.ActiveCfg = UNITY|Any CPU
		{7C582FCA-1F66-4E53-93D6-0673B43B5160}.UNITY|Mixed Platforms.ActiveCfg = UNITY|Any CPU
		{7C582FCA-1F66-4E53-93D6-0673B43B5160}.UNITY|Mixed Platforms.Build.0 = UNITY|Any CPU
		{7C582FCA-1F66-4E53-93D6-0673B43B5160}.UNITY|x86.ActiveCfg = UNITY|Any CPU
		{AC2B0944-2CB1-4224-AE27-0221E01ED5BE}.Debug|Any CPU.ActiveCfg = Debug|Any CPU
		{AC2B0944-2CB1-4224-AE27-0221E01ED5BE}.Debug|Any CPU.Build.0 = Debug|Any CPU
		{AC2B0944-2CB1-4224-AE27-0221E01ED5BE}.Debug|ARM.ActiveCfg = Debug|Any CPU
		{AC2B0944-2CB1-4224-AE27-0221E01ED5BE}.Debug|Mixed Platforms.ActiveCfg = Debug|Any CPU
		{AC2B0944-2CB1-4224-AE27-0221E01ED5BE}.Debug|Mixed Platforms.Build.0 = Debug|Any CPU
		{AC2B0944-2CB1-4224-AE27-0221E01ED5BE}.Debug|x86.ActiveCfg = Debug|Any CPU
		{AC2B0944-2CB1-4224-AE27-0221E01ED5BE}.NET_20_DEBUG|Any CPU.ActiveCfg = Release|Any CPU
		{AC2B0944-2CB1-4224-AE27-0221E01ED5BE}.NET_20_DEBUG|ARM.ActiveCfg = WP_Release|Any CPU
		{AC2B0944-2CB1-4224-AE27-0221E01ED5BE}.NET_20_DEBUG|Mixed Platforms.ActiveCfg = Release|Any CPU
		{AC2B0944-2CB1-4224-AE27-0221E01ED5BE}.NET_20_DEBUG|x86.ActiveCfg = Release|Any CPU
		{AC2B0944-2CB1-4224-AE27-0221E01ED5BE}.NET_20_RELEASE|Any CPU.ActiveCfg = Release|Any CPU
		{AC2B0944-2CB1-4224-AE27-0221E01ED5BE}.NET_20_RELEASE|ARM.ActiveCfg = WP_Release|Any CPU
		{AC2B0944-2CB1-4224-AE27-0221E01ED5BE}.NET_20_RELEASE|Mixed Platforms.ActiveCfg = Release|Any CPU
		{AC2B0944-2CB1-4224-AE27-0221E01ED5BE}.NET_20_RELEASE|x86.ActiveCfg = Release|Any CPU
		{AC2B0944-2CB1-4224-AE27-0221E01ED5BE}.NET_35_DEBUG|Any CPU.ActiveCfg = Release|Any CPU
		{AC2B0944-2CB1-4224-AE27-0221E01ED5BE}.NET_35_DEBUG|ARM.ActiveCfg = WP_Release|Any CPU
		{AC2B0944-2CB1-4224-AE27-0221E01ED5BE}.NET_35_DEBUG|Mixed Platforms.ActiveCfg = Release|Any CPU
		{AC2B0944-2CB1-4224-AE27-0221E01ED5BE}.NET_35_DEBUG|x86.ActiveCfg = Release|Any CPU
		{AC2B0944-2CB1-4224-AE27-0221E01ED5BE}.NET_35_RELEASE|Any CPU.ActiveCfg = Release|Any CPU
		{AC2B0944-2CB1-4224-AE27-0221E01ED5BE}.NET_35_RELEASE|ARM.ActiveCfg = WP_Release|Any CPU
		{AC2B0944-2CB1-4224-AE27-0221E01ED5BE}.NET_35_RELEASE|Mixed Platforms.ActiveCfg = Release|Any CPU
		{AC2B0944-2CB1-4224-AE27-0221E01ED5BE}.NET_35_RELEASE|x86.ActiveCfg = Release|Any CPU
		{AC2B0944-2CB1-4224-AE27-0221E01ED5BE}.NET_40_DEBUG|Any CPU.ActiveCfg = Release|Any CPU
		{AC2B0944-2CB1-4224-AE27-0221E01ED5BE}.NET_40_DEBUG|ARM.ActiveCfg = WP_Release|Any CPU
		{AC2B0944-2CB1-4224-AE27-0221E01ED5BE}.NET_40_DEBUG|Mixed Platforms.ActiveCfg = Debug|Any CPU
		{AC2B0944-2CB1-4224-AE27-0221E01ED5BE}.NET_40_DEBUG|Mixed Platforms.Build.0 = Debug|Any CPU
		{AC2B0944-2CB1-4224-AE27-0221E01ED5BE}.NET_40_DEBUG|x86.ActiveCfg = Release|Any CPU
		{AC2B0944-2CB1-4224-AE27-0221E01ED5BE}.NET_40_RELEASE|Any CPU.ActiveCfg = Release|Any CPU
		{AC2B0944-2CB1-4224-AE27-0221E01ED5BE}.NET_40_RELEASE|ARM.ActiveCfg = WP_Release|Any CPU
		{AC2B0944-2CB1-4224-AE27-0221E01ED5BE}.NET_40_RELEASE|Mixed Platforms.ActiveCfg = Release|Any CPU
		{AC2B0944-2CB1-4224-AE27-0221E01ED5BE}.NET_40_RELEASE|x86.ActiveCfg = Release|Any CPU
		{AC2B0944-2CB1-4224-AE27-0221E01ED5BE}.NET_45_DEBUG|Any CPU.ActiveCfg = Release|Any CPU
		{AC2B0944-2CB1-4224-AE27-0221E01ED5BE}.NET_45_DEBUG|ARM.ActiveCfg = WP_Release|Any CPU
		{AC2B0944-2CB1-4224-AE27-0221E01ED5BE}.NET_45_DEBUG|Mixed Platforms.ActiveCfg = Release|Any CPU
		{AC2B0944-2CB1-4224-AE27-0221E01ED5BE}.NET_45_DEBUG|x86.ActiveCfg = Release|Any CPU
		{AC2B0944-2CB1-4224-AE27-0221E01ED5BE}.NET_45_RELEASE|Any CPU.ActiveCfg = Release|Any CPU
		{AC2B0944-2CB1-4224-AE27-0221E01ED5BE}.NET_45_RELEASE|ARM.ActiveCfg = WP_Release|Any CPU
		{AC2B0944-2CB1-4224-AE27-0221E01ED5BE}.NET_45_RELEASE|Mixed Platforms.ActiveCfg = Release|Any CPU
		{AC2B0944-2CB1-4224-AE27-0221E01ED5BE}.NET_45_RELEASE|x86.ActiveCfg = Release|Any CPU
		{AC2B0944-2CB1-4224-AE27-0221E01ED5BE}.Release|Any CPU.ActiveCfg = Release|Any CPU
		{AC2B0944-2CB1-4224-AE27-0221E01ED5BE}.Release|Any CPU.Build.0 = Release|Any CPU
		{AC2B0944-2CB1-4224-AE27-0221E01ED5BE}.Release|ARM.ActiveCfg = Release|Any CPU
		{AC2B0944-2CB1-4224-AE27-0221E01ED5BE}.Release|Mixed Platforms.ActiveCfg = Release|Any CPU
		{AC2B0944-2CB1-4224-AE27-0221E01ED5BE}.Release|Mixed Platforms.Build.0 = Release|Any CPU
		{AC2B0944-2CB1-4224-AE27-0221E01ED5BE}.Release|x86.ActiveCfg = Release|Any CPU
		{AC2B0944-2CB1-4224-AE27-0221E01ED5BE}.WP_Release|Any CPU.ActiveCfg = WP_Release|Any CPU
		{AC2B0944-2CB1-4224-AE27-0221E01ED5BE}.WP_Release|Any CPU.Build.0 = WP_Release|Any CPU
		{AC2B0944-2CB1-4224-AE27-0221E01ED5BE}.WP_Release|ARM.ActiveCfg = WP_Release|Any CPU
		{AC2B0944-2CB1-4224-AE27-0221E01ED5BE}.WP_Release|Mixed Platforms.ActiveCfg = Release|Any CPU
		{AC2B0944-2CB1-4224-AE27-0221E01ED5BE}.WP_Release|Mixed Platforms.Build.0 = Release|Any CPU
		{AC2B0944-2CB1-4224-AE27-0221E01ED5BE}.WP_Release|x86.ActiveCfg = WP_Release|Any CPU
		{AC2B0944-2CB1-4224-AE27-0221E01ED5BE}.WP8|Any CPU.ActiveCfg = WP8|Any CPU
		{AC2B0944-2CB1-4224-AE27-0221E01ED5BE}.WP8|Any CPU.Build.0 = WP8|Any CPU
		{AC2B0944-2CB1-4224-AE27-0221E01ED5BE}.WP8|ARM.ActiveCfg = WP8|Any CPU
		{AC2B0944-2CB1-4224-AE27-0221E01ED5BE}.WP8|Mixed Platforms.ActiveCfg = WP8|Any CPU
		{AC2B0944-2CB1-4224-AE27-0221E01ED5BE}.WP8|Mixed Platforms.Build.0 = WP8|Any CPU
		{AC2B0944-2CB1-4224-AE27-0221E01ED5BE}.WP8|x86.ActiveCfg = WP8|Any CPU
		{AC2B0944-2CB1-4224-AE27-0221E01ED5BE}.UNITY|Any CPU.ActiveCfg = UNITY|Any CPU
		{AC2B0944-2CB1-4224-AE27-0221E01ED5BE}.UNITY|ARM.ActiveCfg = UNITY|Any CPU
		{AC2B0944-2CB1-4224-AE27-0221E01ED5BE}.UNITY|Mixed Platforms.ActiveCfg = UNITY|Any CPU
		{AC2B0944-2CB1-4224-AE27-0221E01ED5BE}.UNITY|Mixed Platforms.Build.0 = UNITY|Any CPU
		{AC2B0944-2CB1-4224-AE27-0221E01ED5BE}.UNITY|x86.ActiveCfg = UNITY|Any CPU
		{DDF01F28-A912-4DE8-9FBA-FB1D1EC66687}.Debug|Any CPU.ActiveCfg = Debug|Any CPU
		{DDF01F28-A912-4DE8-9FBA-FB1D1EC66687}.Debug|Any CPU.Build.0 = Debug|Any CPU
		{DDF01F28-A912-4DE8-9FBA-FB1D1EC66687}.Debug|ARM.ActiveCfg = Debug|Any CPU
		{DDF01F28-A912-4DE8-9FBA-FB1D1EC66687}.Debug|ARM.Build.0 = Debug|Any CPU
		{DDF01F28-A912-4DE8-9FBA-FB1D1EC66687}.Debug|Mixed Platforms.ActiveCfg = Debug|Any CPU
		{DDF01F28-A912-4DE8-9FBA-FB1D1EC66687}.Debug|Mixed Platforms.Build.0 = Debug|Any CPU
		{DDF01F28-A912-4DE8-9FBA-FB1D1EC66687}.Debug|x86.ActiveCfg = Debug|Any CPU
		{DDF01F28-A912-4DE8-9FBA-FB1D1EC66687}.Debug|x86.Build.0 = Debug|Any CPU
		{DDF01F28-A912-4DE8-9FBA-FB1D1EC66687}.NET_20_DEBUG|Any CPU.ActiveCfg = Debug|Any CPU
		{DDF01F28-A912-4DE8-9FBA-FB1D1EC66687}.NET_20_DEBUG|Any CPU.Build.0 = Debug|Any CPU
		{DDF01F28-A912-4DE8-9FBA-FB1D1EC66687}.NET_20_DEBUG|ARM.ActiveCfg = Debug|Any CPU
		{DDF01F28-A912-4DE8-9FBA-FB1D1EC66687}.NET_20_DEBUG|ARM.Build.0 = Debug|Any CPU
		{DDF01F28-A912-4DE8-9FBA-FB1D1EC66687}.NET_20_DEBUG|Mixed Platforms.ActiveCfg = Debug|Any CPU
		{DDF01F28-A912-4DE8-9FBA-FB1D1EC66687}.NET_20_DEBUG|Mixed Platforms.Build.0 = Debug|Any CPU
		{DDF01F28-A912-4DE8-9FBA-FB1D1EC66687}.NET_20_DEBUG|x86.ActiveCfg = Debug|Any CPU
		{DDF01F28-A912-4DE8-9FBA-FB1D1EC66687}.NET_20_DEBUG|x86.Build.0 = Debug|Any CPU
		{DDF01F28-A912-4DE8-9FBA-FB1D1EC66687}.NET_20_RELEASE|Any CPU.ActiveCfg = Debug|Any CPU
		{DDF01F28-A912-4DE8-9FBA-FB1D1EC66687}.NET_20_RELEASE|Any CPU.Build.0 = Debug|Any CPU
		{DDF01F28-A912-4DE8-9FBA-FB1D1EC66687}.NET_20_RELEASE|ARM.ActiveCfg = Debug|Any CPU
		{DDF01F28-A912-4DE8-9FBA-FB1D1EC66687}.NET_20_RELEASE|ARM.Build.0 = Debug|Any CPU
		{DDF01F28-A912-4DE8-9FBA-FB1D1EC66687}.NET_20_RELEASE|Mixed Platforms.ActiveCfg = Debug|Any CPU
		{DDF01F28-A912-4DE8-9FBA-FB1D1EC66687}.NET_20_RELEASE|Mixed Platforms.Build.0 = Debug|Any CPU
		{DDF01F28-A912-4DE8-9FBA-FB1D1EC66687}.NET_20_RELEASE|x86.ActiveCfg = Debug|Any CPU
		{DDF01F28-A912-4DE8-9FBA-FB1D1EC66687}.NET_20_RELEASE|x86.Build.0 = Debug|Any CPU
		{DDF01F28-A912-4DE8-9FBA-FB1D1EC66687}.NET_35_DEBUG|Any CPU.ActiveCfg = Debug|Any CPU
		{DDF01F28-A912-4DE8-9FBA-FB1D1EC66687}.NET_35_DEBUG|Any CPU.Build.0 = Debug|Any CPU
		{DDF01F28-A912-4DE8-9FBA-FB1D1EC66687}.NET_35_DEBUG|ARM.ActiveCfg = Debug|Any CPU
		{DDF01F28-A912-4DE8-9FBA-FB1D1EC66687}.NET_35_DEBUG|ARM.Build.0 = Debug|Any CPU
		{DDF01F28-A912-4DE8-9FBA-FB1D1EC66687}.NET_35_DEBUG|Mixed Platforms.ActiveCfg = Debug|Any CPU
		{DDF01F28-A912-4DE8-9FBA-FB1D1EC66687}.NET_35_DEBUG|Mixed Platforms.Build.0 = Debug|Any CPU
		{DDF01F28-A912-4DE8-9FBA-FB1D1EC66687}.NET_35_DEBUG|x86.ActiveCfg = Debug|Any CPU
		{DDF01F28-A912-4DE8-9FBA-FB1D1EC66687}.NET_35_DEBUG|x86.Build.0 = Debug|Any CPU
		{DDF01F28-A912-4DE8-9FBA-FB1D1EC66687}.NET_35_RELEASE|Any CPU.ActiveCfg = Debug|Any CPU
		{DDF01F28-A912-4DE8-9FBA-FB1D1EC66687}.NET_35_RELEASE|Any CPU.Build.0 = Debug|Any CPU
		{DDF01F28-A912-4DE8-9FBA-FB1D1EC66687}.NET_35_RELEASE|ARM.ActiveCfg = Debug|Any CPU
		{DDF01F28-A912-4DE8-9FBA-FB1D1EC66687}.NET_35_RELEASE|ARM.Build.0 = Debug|Any CPU
		{DDF01F28-A912-4DE8-9FBA-FB1D1EC66687}.NET_35_RELEASE|Mixed Platforms.ActiveCfg = Debug|Any CPU
		{DDF01F28-A912-4DE8-9FBA-FB1D1EC66687}.NET_35_RELEASE|Mixed Platforms.Build.0 = Debug|Any CPU
		{DDF01F28-A912-4DE8-9FBA-FB1D1EC66687}.NET_35_RELEASE|x86.ActiveCfg = Debug|Any CPU
		{DDF01F28-A912-4DE8-9FBA-FB1D1EC66687}.NET_35_RELEASE|x86.Build.0 = Debug|Any CPU
		{DDF01F28-A912-4DE8-9FBA-FB1D1EC66687}.NET_40_DEBUG|Any CPU.ActiveCfg = Debug|Any CPU
		{DDF01F28-A912-4DE8-9FBA-FB1D1EC66687}.NET_40_DEBUG|Any CPU.Build.0 = Debug|Any CPU
		{DDF01F28-A912-4DE8-9FBA-FB1D1EC66687}.NET_40_DEBUG|ARM.ActiveCfg = Debug|Any CPU
		{DDF01F28-A912-4DE8-9FBA-FB1D1EC66687}.NET_40_DEBUG|ARM.Build.0 = Debug|Any CPU
		{DDF01F28-A912-4DE8-9FBA-FB1D1EC66687}.NET_40_DEBUG|Mixed Platforms.ActiveCfg = Debug|Any CPU
		{DDF01F28-A912-4DE8-9FBA-FB1D1EC66687}.NET_40_DEBUG|Mixed Platforms.Build.0 = Debug|Any CPU
		{DDF01F28-A912-4DE8-9FBA-FB1D1EC66687}.NET_40_DEBUG|x86.ActiveCfg = Debug|Any CPU
		{DDF01F28-A912-4DE8-9FBA-FB1D1EC66687}.NET_40_DEBUG|x86.Build.0 = Debug|Any CPU
		{DDF01F28-A912-4DE8-9FBA-FB1D1EC66687}.NET_40_RELEASE|Any CPU.ActiveCfg = Debug|Any CPU
		{DDF01F28-A912-4DE8-9FBA-FB1D1EC66687}.NET_40_RELEASE|Any CPU.Build.0 = Debug|Any CPU
		{DDF01F28-A912-4DE8-9FBA-FB1D1EC66687}.NET_40_RELEASE|ARM.ActiveCfg = Debug|Any CPU
		{DDF01F28-A912-4DE8-9FBA-FB1D1EC66687}.NET_40_RELEASE|ARM.Build.0 = Debug|Any CPU
		{DDF01F28-A912-4DE8-9FBA-FB1D1EC66687}.NET_40_RELEASE|Mixed Platforms.ActiveCfg = Debug|Any CPU
		{DDF01F28-A912-4DE8-9FBA-FB1D1EC66687}.NET_40_RELEASE|Mixed Platforms.Build.0 = Debug|Any CPU
		{DDF01F28-A912-4DE8-9FBA-FB1D1EC66687}.NET_40_RELEASE|x86.ActiveCfg = Debug|Any CPU
		{DDF01F28-A912-4DE8-9FBA-FB1D1EC66687}.NET_40_RELEASE|x86.Build.0 = Debug|Any CPU
		{DDF01F28-A912-4DE8-9FBA-FB1D1EC66687}.NET_45_DEBUG|Any CPU.ActiveCfg = Debug|Any CPU
		{DDF01F28-A912-4DE8-9FBA-FB1D1EC66687}.NET_45_DEBUG|Any CPU.Build.0 = Debug|Any CPU
		{DDF01F28-A912-4DE8-9FBA-FB1D1EC66687}.NET_45_DEBUG|ARM.ActiveCfg = Debug|Any CPU
		{DDF01F28-A912-4DE8-9FBA-FB1D1EC66687}.NET_45_DEBUG|ARM.Build.0 = Debug|Any CPU
		{DDF01F28-A912-4DE8-9FBA-FB1D1EC66687}.NET_45_DEBUG|Mixed Platforms.ActiveCfg = Debug|Any CPU
		{DDF01F28-A912-4DE8-9FBA-FB1D1EC66687}.NET_45_DEBUG|Mixed Platforms.Build.0 = Debug|Any CPU
		{DDF01F28-A912-4DE8-9FBA-FB1D1EC66687}.NET_45_DEBUG|x86.ActiveCfg = Debug|Any CPU
		{DDF01F28-A912-4DE8-9FBA-FB1D1EC66687}.NET_45_DEBUG|x86.Build.0 = Debug|Any CPU
		{DDF01F28-A912-4DE8-9FBA-FB1D1EC66687}.NET_45_RELEASE|Any CPU.ActiveCfg = Debug|Any CPU
		{DDF01F28-A912-4DE8-9FBA-FB1D1EC66687}.NET_45_RELEASE|Any CPU.Build.0 = Debug|Any CPU
		{DDF01F28-A912-4DE8-9FBA-FB1D1EC66687}.NET_45_RELEASE|ARM.ActiveCfg = Debug|Any CPU
		{DDF01F28-A912-4DE8-9FBA-FB1D1EC66687}.NET_45_RELEASE|ARM.Build.0 = Debug|Any CPU
		{DDF01F28-A912-4DE8-9FBA-FB1D1EC66687}.NET_45_RELEASE|Mixed Platforms.ActiveCfg = Debug|Any CPU
		{DDF01F28-A912-4DE8-9FBA-FB1D1EC66687}.NET_45_RELEASE|Mixed Platforms.Build.0 = Debug|Any CPU
		{DDF01F28-A912-4DE8-9FBA-FB1D1EC66687}.NET_45_RELEASE|x86.ActiveCfg = Debug|Any CPU
		{DDF01F28-A912-4DE8-9FBA-FB1D1EC66687}.NET_45_RELEASE|x86.Build.0 = Debug|Any CPU
		{DDF01F28-A912-4DE8-9FBA-FB1D1EC66687}.Release|Any CPU.ActiveCfg = Release|Any CPU
		{DDF01F28-A912-4DE8-9FBA-FB1D1EC66687}.Release|Any CPU.Build.0 = Release|Any CPU
		{DDF01F28-A912-4DE8-9FBA-FB1D1EC66687}.Release|ARM.ActiveCfg = Release|Any CPU
		{DDF01F28-A912-4DE8-9FBA-FB1D1EC66687}.Release|ARM.Build.0 = Release|Any CPU
		{DDF01F28-A912-4DE8-9FBA-FB1D1EC66687}.Release|Mixed Platforms.ActiveCfg = Release|Any CPU
		{DDF01F28-A912-4DE8-9FBA-FB1D1EC66687}.Release|Mixed Platforms.Build.0 = Release|Any CPU
		{DDF01F28-A912-4DE8-9FBA-FB1D1EC66687}.Release|x86.ActiveCfg = Release|Any CPU
		{DDF01F28-A912-4DE8-9FBA-FB1D1EC66687}.Release|x86.Build.0 = Release|Any CPU
		{DDF01F28-A912-4DE8-9FBA-FB1D1EC66687}.WP_Release|Any CPU.ActiveCfg = Debug|Any CPU
		{DDF01F28-A912-4DE8-9FBA-FB1D1EC66687}.WP_Release|Any CPU.Build.0 = Debug|Any CPU
		{DDF01F28-A912-4DE8-9FBA-FB1D1EC66687}.WP_Release|ARM.ActiveCfg = Debug|Any CPU
		{DDF01F28-A912-4DE8-9FBA-FB1D1EC66687}.WP_Release|ARM.Build.0 = Debug|Any CPU
		{DDF01F28-A912-4DE8-9FBA-FB1D1EC66687}.WP_Release|Mixed Platforms.ActiveCfg = Debug|Any CPU
		{DDF01F28-A912-4DE8-9FBA-FB1D1EC66687}.WP_Release|Mixed Platforms.Build.0 = Debug|Any CPU
		{DDF01F28-A912-4DE8-9FBA-FB1D1EC66687}.WP_Release|x86.ActiveCfg = Debug|Any CPU
		{DDF01F28-A912-4DE8-9FBA-FB1D1EC66687}.WP_Release|x86.Build.0 = Debug|Any CPU
		{DDF01F28-A912-4DE8-9FBA-FB1D1EC66687}.WP8|Any CPU.ActiveCfg = Debug|Any CPU
		{DDF01F28-A912-4DE8-9FBA-FB1D1EC66687}.WP8|Any CPU.Build.0 = Debug|Any CPU
		{DDF01F28-A912-4DE8-9FBA-FB1D1EC66687}.WP8|ARM.ActiveCfg = Debug|Any CPU
		{DDF01F28-A912-4DE8-9FBA-FB1D1EC66687}.WP8|ARM.Build.0 = Debug|Any CPU
		{DDF01F28-A912-4DE8-9FBA-FB1D1EC66687}.WP8|Mixed Platforms.ActiveCfg = Debug|Any CPU
		{DDF01F28-A912-4DE8-9FBA-FB1D1EC66687}.WP8|Mixed Platforms.Build.0 = Debug|Any CPU
		{DDF01F28-A912-4DE8-9FBA-FB1D1EC66687}.WP8|x86.ActiveCfg = Debug|Any CPU
		{DDF01F28-A912-4DE8-9FBA-FB1D1EC66687}.WP8|x86.Build.0 = Debug|Any CPU
		{DDF01F28-A912-4DE8-9FBA-FB1D1EC66687}.UNITY|Any CPU.ActiveCfg = Debug|Any CPU
		{DDF01F28-A912-4DE8-9FBA-FB1D1EC66687}.UNITY|Any CPU.Build.0 = Debug|Any CPU
		{DDF01F28-A912-4DE8-9FBA-FB1D1EC66687}.UNITY|ARM.ActiveCfg = Debug|Any CPU
		{DDF01F28-A912-4DE8-9FBA-FB1D1EC66687}.UNITY|ARM.Build.0 = Debug|Any CPU
		{DDF01F28-A912-4DE8-9FBA-FB1D1EC66687}.UNITY|Mixed Platforms.ActiveCfg = Debug|Any CPU
		{DDF01F28-A912-4DE8-9FBA-FB1D1EC66687}.UNITY|Mixed Platforms.Build.0 = Debug|Any CPU
		{DDF01F28-A912-4DE8-9FBA-FB1D1EC66687}.UNITY|x86.ActiveCfg = Debug|Any CPU
		{DDF01F28-A912-4DE8-9FBA-FB1D1EC66687}.UNITY|x86.Build.0 = Debug|Any CPU
	EndGlobalSection
	GlobalSection(SolutionProperties) = preSolution
		HideSolutionNode = FALSE
	EndGlobalSection
EndGlobal
