
Microsoft Visual Studio Solution File, Format Version 12.00
Project("{FAE04EC0-301F-11D3-BF4B-00C04F79EFBC}") = "Backendless.NET.Framework4.0", "Backendless.NET.Framework4.0.csproj", "{10895B0D-588D-470C-B129-67883BD384B3}"
EndProject
Global
	GlobalSection(SolutionConfigurationPlatforms) = preSolution
		Debug|Any CPU = Debug|Any CPU
		Release|Any CPU = Release|Any CPU
	EndGlobalSection
	GlobalSection(ProjectConfigurationPlatforms) = postSolution
		{10895B0D-588D-470C-B129-67883BD384B3}.Debug|Any CPU.ActiveCfg = Debug|Any CPU
		{10895B0D-588D-470C-B129-67883BD384B3}.Debug|Any CPU.Build.0 = Debug|Any CPU
		{10895B0D-588D-470C-B129-67883BD384B3}.Release|Any CPU.ActiveCfg = Release|Any CPU
		{10895B0D-588D-470C-B129-67883BD384B3}.Release|Any CPU.Build.0 = Release|Any CPU
	EndGlobalSection
EndGlobal
