
Microsoft Visual Studio Solution File, Format Version 11.00
# Visual Studio 2010
Project("{FAE04EC0-301F-11D3-BF4B-00C04F79EFBC}") = "BackendlessUnitySDK", "Assembly-CSharp.csproj", "{8A312E8F-4E68-2CC0-4441-56AEDEE4349D}"
EndProject
Global
	GlobalSection(SolutionConfigurationPlatforms) = preSolution
		Debug|Any CPU = Debug|Any CPU
		Release|Any CPU = Release|Any CPU
	EndGlobalSection
	GlobalSection(ProjectConfigurationPlatforms) = postSolution
		{8A312E8F-4E68-2CC0-4441-56AEDEE4349D}.Debug|Any CPU.ActiveCfg = Debug|Any CPU
		{8A312E8F-4E68-2CC0-4441-56AEDEE4349D}.Debug|Any CPU.Build.0 = Debug|Any CPU
		{8A312E8F-4E68-2CC0-4441-56AEDEE4349D}.Release|Any CPU.ActiveCfg = Release|Any CPU
		{8A312E8F-4E68-2CC0-4441-56AEDEE4349D}.Release|Any CPU.Build.0 = Release|Any CPU
	EndGlobalSection
	GlobalSection(SolutionProperties) = preSolution
		HideSolutionNode = FALSE
	EndGlobalSection
	GlobalSection(MonoDevelopProperties) = preSolution
		StartupItem = Assembly-CSharp.csproj
	EndGlobalSection
EndGlobal
